// !$*UTF8*$!
{
	archiveVersion = 1;
	classes = {
	};
	objectVersion = 56;
	objects = {

/* Begin PBXBuildFile section */
		D90CDD792C6A623F00197214 /* CountDownView.swift in Sources */ = {isa = PBXBuildFile; fileRef = D90CDD782C6A623F00197214 /* CountDownView.swift */; };
		D93A94EC2C4A372700BCCD00 /* Assets.xcassets in Resources */ = {isa = PBXBuildFile; fileRef = D93A94EB2C4A372700BCCD00 /* Assets.xcassets */; };
		D93A94EF2C4A372700BCCD00 /* Preview Assets.xcassets in Resources */ = {isa = PBXBuildFile; fileRef = D93A94EE2C4A372700BCCD00 /* Preview Assets.xcassets */; };
		D97950A42C62831B00BDCD44 /* RUNavigationBar.swift in Sources */ = {isa = PBXBuildFile; fileRef = D97950A32C62831B00BDCD44 /* RUNavigationBar.swift */; };
		D97950A62C62917400BDCD44 /* View+extension.swift in Sources */ = {isa = PBXBuildFile; fileRef = D97950A52C62917400BDCD44 /* View+extension.swift */; };
		D97D9FE42C6078BD00C663BD /* LocationManager.swift in Sources */ = {isa = PBXBuildFile; fileRef = D97D9FE32C6078BD00C663BD /* LocationManager.swift */; };
		D9D0B7182C4F553800D13160 /* RUError.swift in Sources */ = {isa = PBXBuildFile; fileRef = D9D0B7172C4F553800D13160 /* RUError.swift */; };
		D9D0B71A2C4F555500D13160 /* NetworkError.swift in Sources */ = {isa = PBXBuildFile; fileRef = D9D0B7192C4F555500D13160 /* NetworkError.swift */; };
		D9D0B71C2C4F566E00D13160 /* NetworkService.swift in Sources */ = {isa = PBXBuildFile; fileRef = D9D0B71B2C4F566E00D13160 /* NetworkService.swift */; };
		D9D0B71E2C4F570000D13160 /* NetworkEndpoint.swift in Sources */ = {isa = PBXBuildFile; fileRef = D9D0B71D2C4F570000D13160 /* NetworkEndpoint.swift */; };
		D9D0B7202C4FE67D00D13160 /* ServerResponse.swift in Sources */ = {isa = PBXBuildFile; fileRef = D9D0B71F2C4FE67D00D13160 /* ServerResponse.swift */; };
		D9D0B7232C50BA7400D13160 /* ServerNetwork.swift in Sources */ = {isa = PBXBuildFile; fileRef = D9D0B7222C50BA7400D13160 /* ServerNetwork.swift */; };
		D9D0B7252C50BC5800D13160 /* ServerEndpoint.swift in Sources */ = {isa = PBXBuildFile; fileRef = D9D0B7242C50BC5800D13160 /* ServerEndpoint.swift */; };
		D9E704AE2C649AE900212FF0 /* TodayChallengeListItemView.swift in Sources */ = {isa = PBXBuildFile; fileRef = D9E704AD2C649AE900212FF0 /* TodayChallengeListItemView.swift */; };
		D9E704B02C649AFE00212FF0 /* TodayChallenge.swift in Sources */ = {isa = PBXBuildFile; fileRef = D9E704AF2C649AFE00212FF0 /* TodayChallenge.swift */; };
		D9E704B22C6A222000212FF0 /* RunAloneAPI.swift in Sources */ = {isa = PBXBuildFile; fileRef = D9E704B12C6A222000212FF0 /* RunAloneAPI.swift */; };
		D9F5B8572C60D151009CEB19 /* Bundle+extension.swift in Sources */ = {isa = PBXBuildFile; fileRef = D9F5B8562C60D151009CEB19 /* Bundle+extension.swift */; };
		D9F5B85A2C60EDD0009CEB19 /* RunAloneHomeView.swift in Sources */ = {isa = PBXBuildFile; fileRef = D9F5B8592C60EDD0009CEB19 /* RunAloneHomeView.swift */; };
		D9F5B85C2C60EE1E009CEB19 /* RunAloneHomeFeature.swift in Sources */ = {isa = PBXBuildFile; fileRef = D9F5B85B2C60EE1E009CEB19 /* RunAloneHomeFeature.swift */; };
		D9F5B8602C6101E1009CEB19 /* RunAloneDependency.swift in Sources */ = {isa = PBXBuildFile; fileRef = D9F5B85F2C6101E1009CEB19 /* RunAloneDependency.swift */; };
		F6133EA82C6C77B000F3ECE5 /* RunUsApp.swift in Sources */ = {isa = PBXBuildFile; fileRef = D93A94E72C4A372600BCCD00 /* RunUsApp.swift */; };
		F6133EAE2C6DB29600F3ECE5 /* RUButton.swift in Sources */ = {isa = PBXBuildFile; fileRef = F6133EAD2C6DB29600F3ECE5 /* RUButton.swift */; };
		F63B81622C6F1A7E002F45F4 /* SetGoalStore.swift in Sources */ = {isa = PBXBuildFile; fileRef = F63B81612C6F1A7E002F45F4 /* SetGoalStore.swift */; };
		F63B81672C710573002F45F4 /* String+extension.swift in Sources */ = {isa = PBXBuildFile; fileRef = F63B81662C710573002F45F4 /* String+extension.swift */; };
		F64FBE322C566AE10024E920 /* Pretendard-Bold.otf in Resources */ = {isa = PBXBuildFile; fileRef = F64FBE292C566AE00024E920 /* Pretendard-Bold.otf */; };
		F64FBE332C566AE10024E920 /* Pretendard-Regular.otf in Resources */ = {isa = PBXBuildFile; fileRef = F64FBE2A2C566AE00024E920 /* Pretendard-Regular.otf */; };
		F64FBE342C566AE10024E920 /* Pretendard-Black.otf in Resources */ = {isa = PBXBuildFile; fileRef = F64FBE2B2C566AE00024E920 /* Pretendard-Black.otf */; };
		F64FBE352C566AE10024E920 /* Pretendard-ExtraLight.otf in Resources */ = {isa = PBXBuildFile; fileRef = F64FBE2C2C566AE00024E920 /* Pretendard-ExtraLight.otf */; };
		F64FBE362C566AE10024E920 /* Pretendard-Medium.otf in Resources */ = {isa = PBXBuildFile; fileRef = F64FBE2D2C566AE00024E920 /* Pretendard-Medium.otf */; };
		F64FBE372C566AE10024E920 /* Pretendard-Thin.otf in Resources */ = {isa = PBXBuildFile; fileRef = F64FBE2E2C566AE10024E920 /* Pretendard-Thin.otf */; };
		F64FBE382C566AE10024E920 /* Pretendard-SemiBold.otf in Resources */ = {isa = PBXBuildFile; fileRef = F64FBE2F2C566AE10024E920 /* Pretendard-SemiBold.otf */; };
		F64FBE392C566AE10024E920 /* Pretendard-Light.otf in Resources */ = {isa = PBXBuildFile; fileRef = F64FBE302C566AE10024E920 /* Pretendard-Light.otf */; };
		F64FBE3A2C566AE10024E920 /* Pretendard-ExtraBold.otf in Resources */ = {isa = PBXBuildFile; fileRef = F64FBE312C566AE10024E920 /* Pretendard-ExtraBold.otf */; };
		F66C5C872C5B3C0700EE695A /* ComposableArchitecture in Frameworks */ = {isa = PBXBuildFile; productRef = F66C5C862C5B3C0700EE695A /* ComposableArchitecture */; };
		F66C5C8A2C5B3CD500EE695A /* LoginStore.swift in Sources */ = {isa = PBXBuildFile; fileRef = F66C5C892C5B3CD500EE695A /* LoginStore.swift */; };
		F69D0F192C61E00500A598E1 /* Paddings.swift in Sources */ = {isa = PBXBuildFile; fileRef = F69D0F182C61E00500A598E1 /* Paddings.swift */; };
		F6AC52DE2C6505AE00654820 /* AuthLoginRequestModel.swift in Sources */ = {isa = PBXBuildFile; fileRef = F6AC52DD2C6505AE00654820 /* AuthLoginRequestModel.swift */; };
		F6AC52E02C662DEE00654820 /* UserDefaultManager.swift in Sources */ = {isa = PBXBuildFile; fileRef = F6AC52DF2C662DEE00654820 /* UserDefaultManager.swift */; };
		F6B9A33C2C63123900743FBE /* AppleLoginDependency.swift in Sources */ = {isa = PBXBuildFile; fileRef = F6B9A33B2C63123900743FBE /* AppleLoginDependency.swift */; };
		F6B9A33E2C63287400743FBE /* AppleLoginResponseModel.swift in Sources */ = {isa = PBXBuildFile; fileRef = F6B9A33D2C63287400743FBE /* AppleLoginResponseModel.swift */; };
		F6EF88742C4E7FF5008EF2FD /* SplashView.swift in Sources */ = {isa = PBXBuildFile; fileRef = F6EF88732C4E7FF5008EF2FD /* SplashView.swift */; };
		F6EF88762C4E802E008EF2FD /* MainView.swift in Sources */ = {isa = PBXBuildFile; fileRef = F6EF88752C4E802E008EF2FD /* MainView.swift */; };
		F6EF88782C4E839A008EF2FD /* LoginView.swift in Sources */ = {isa = PBXBuildFile; fileRef = F6EF88772C4E839A008EF2FD /* LoginView.swift */; };
		F6EF887D2C4F7E46008EF2FD /* HomeView.swift in Sources */ = {isa = PBXBuildFile; fileRef = F6EF887C2C4F7E46008EF2FD /* HomeView.swift */; };
		F6F085652C58C4BE00994E34 /* PretendardVariable.ttf in Resources */ = {isa = PBXBuildFile; fileRef = F6F085642C58C4BE00994E34 /* PretendardVariable.ttf */; };
		F6F085732C59FAF700994E34 /* Fonts.swift in Sources */ = {isa = PBXBuildFile; fileRef = F6F085722C59FAF700994E34 /* Fonts.swift */; };
		F6F41B6E2C6900B6002EA1F5 /* SetGoalView.swift in Sources */ = {isa = PBXBuildFile; fileRef = F6F41B6D2C6900B6002EA1F5 /* SetGoalView.swift */; };
		F6F41B722C69BC27002EA1F5 /* SelectTypeView.swift in Sources */ = {isa = PBXBuildFile; fileRef = F6F41B712C69BC27002EA1F5 /* SelectTypeView.swift */; };
		F6F41B742C69BCE1002EA1F5 /* TypeButton.swift in Sources */ = {isa = PBXBuildFile; fileRef = F6F41B732C69BCE1002EA1F5 /* TypeButton.swift */; };
		F6F41B762C69BD05002EA1F5 /* GoalTypes.swift in Sources */ = {isa = PBXBuildFile; fileRef = F6F41B752C69BD05002EA1F5 /* GoalTypes.swift */; };
		F6F41B782C69C85A002EA1F5 /* GoalTextField.swift in Sources */ = {isa = PBXBuildFile; fileRef = F6F41B772C69C85A002EA1F5 /* GoalTextField.swift */; };
/* End PBXBuildFile section */

/* Begin PBXFileReference section */
		D90CDD782C6A623F00197214 /* CountDownView.swift */ = {isa = PBXFileReference; lastKnownFileType = sourcecode.swift; path = CountDownView.swift; sourceTree = "<group>"; };
		D93A94E42C4A372600BCCD00 /* RunUs.app */ = {isa = PBXFileReference; explicitFileType = wrapper.application; includeInIndex = 0; path = RunUs.app; sourceTree = BUILT_PRODUCTS_DIR; };
		D93A94E72C4A372600BCCD00 /* RunUsApp.swift */ = {isa = PBXFileReference; lastKnownFileType = sourcecode.swift; path = RunUsApp.swift; sourceTree = "<group>"; };
		D93A94EB2C4A372700BCCD00 /* Assets.xcassets */ = {isa = PBXFileReference; lastKnownFileType = folder.assetcatalog; path = Assets.xcassets; sourceTree = "<group>"; };
		D93A94EE2C4A372700BCCD00 /* Preview Assets.xcassets */ = {isa = PBXFileReference; lastKnownFileType = folder.assetcatalog; path = "Preview Assets.xcassets"; sourceTree = "<group>"; };
		D97950A32C62831B00BDCD44 /* RUNavigationBar.swift */ = {isa = PBXFileReference; lastKnownFileType = sourcecode.swift; path = RUNavigationBar.swift; sourceTree = "<group>"; };
		D97950A52C62917400BDCD44 /* View+extension.swift */ = {isa = PBXFileReference; lastKnownFileType = sourcecode.swift; path = "View+extension.swift"; sourceTree = "<group>"; };
		D97D9FE32C6078BD00C663BD /* LocationManager.swift */ = {isa = PBXFileReference; lastKnownFileType = sourcecode.swift; path = LocationManager.swift; sourceTree = "<group>"; };
		D9D0B7172C4F553800D13160 /* RUError.swift */ = {isa = PBXFileReference; lastKnownFileType = sourcecode.swift; path = RUError.swift; sourceTree = "<group>"; };
		D9D0B7192C4F555500D13160 /* NetworkError.swift */ = {isa = PBXFileReference; lastKnownFileType = sourcecode.swift; path = NetworkError.swift; sourceTree = "<group>"; };
		D9D0B71B2C4F566E00D13160 /* NetworkService.swift */ = {isa = PBXFileReference; lastKnownFileType = sourcecode.swift; path = NetworkService.swift; sourceTree = "<group>"; };
		D9D0B71D2C4F570000D13160 /* NetworkEndpoint.swift */ = {isa = PBXFileReference; lastKnownFileType = sourcecode.swift; path = NetworkEndpoint.swift; sourceTree = "<group>"; };
		D9D0B71F2C4FE67D00D13160 /* ServerResponse.swift */ = {isa = PBXFileReference; lastKnownFileType = sourcecode.swift; path = ServerResponse.swift; sourceTree = "<group>"; };
		D9D0B7222C50BA7400D13160 /* ServerNetwork.swift */ = {isa = PBXFileReference; lastKnownFileType = sourcecode.swift; path = ServerNetwork.swift; sourceTree = "<group>"; };
		D9D0B7242C50BC5800D13160 /* ServerEndpoint.swift */ = {isa = PBXFileReference; lastKnownFileType = sourcecode.swift; path = ServerEndpoint.swift; sourceTree = "<group>"; };
		D9E704AD2C649AE900212FF0 /* TodayChallengeListItemView.swift */ = {isa = PBXFileReference; lastKnownFileType = sourcecode.swift; path = TodayChallengeListItemView.swift; sourceTree = "<group>"; };
		D9E704AF2C649AFE00212FF0 /* TodayChallenge.swift */ = {isa = PBXFileReference; lastKnownFileType = sourcecode.swift; path = TodayChallenge.swift; sourceTree = "<group>"; };
		D9E704B12C6A222000212FF0 /* RunAloneAPI.swift */ = {isa = PBXFileReference; lastKnownFileType = sourcecode.swift; path = RunAloneAPI.swift; sourceTree = "<group>"; };
		D9F5B8562C60D151009CEB19 /* Bundle+extension.swift */ = {isa = PBXFileReference; lastKnownFileType = sourcecode.swift; path = "Bundle+extension.swift"; sourceTree = "<group>"; };
		D9F5B8592C60EDD0009CEB19 /* RunAloneHomeView.swift */ = {isa = PBXFileReference; lastKnownFileType = sourcecode.swift; path = RunAloneHomeView.swift; sourceTree = "<group>"; };
		D9F5B85B2C60EE1E009CEB19 /* RunAloneHomeFeature.swift */ = {isa = PBXFileReference; lastKnownFileType = sourcecode.swift; path = RunAloneHomeFeature.swift; sourceTree = "<group>"; };
		D9F5B85F2C6101E1009CEB19 /* RunAloneDependency.swift */ = {isa = PBXFileReference; lastKnownFileType = sourcecode.swift; path = RunAloneDependency.swift; sourceTree = "<group>"; };
		F6133EAD2C6DB29600F3ECE5 /* RUButton.swift */ = {isa = PBXFileReference; lastKnownFileType = sourcecode.swift; path = RUButton.swift; sourceTree = "<group>"; };
		F63B81612C6F1A7E002F45F4 /* SetGoalStore.swift */ = {isa = PBXFileReference; lastKnownFileType = sourcecode.swift; path = SetGoalStore.swift; sourceTree = "<group>"; };
		F63B81662C710573002F45F4 /* String+extension.swift */ = {isa = PBXFileReference; lastKnownFileType = sourcecode.swift; path = "String+extension.swift"; sourceTree = "<group>"; };
		F64FBE292C566AE00024E920 /* Pretendard-Bold.otf */ = {isa = PBXFileReference; lastKnownFileType = file; path = "Pretendard-Bold.otf"; sourceTree = "<group>"; };
		F64FBE2A2C566AE00024E920 /* Pretendard-Regular.otf */ = {isa = PBXFileReference; lastKnownFileType = file; path = "Pretendard-Regular.otf"; sourceTree = "<group>"; };
		F64FBE2B2C566AE00024E920 /* Pretendard-Black.otf */ = {isa = PBXFileReference; lastKnownFileType = file; path = "Pretendard-Black.otf"; sourceTree = "<group>"; };
		F64FBE2C2C566AE00024E920 /* Pretendard-ExtraLight.otf */ = {isa = PBXFileReference; lastKnownFileType = file; path = "Pretendard-ExtraLight.otf"; sourceTree = "<group>"; };
		F64FBE2D2C566AE00024E920 /* Pretendard-Medium.otf */ = {isa = PBXFileReference; lastKnownFileType = file; path = "Pretendard-Medium.otf"; sourceTree = "<group>"; };
		F64FBE2E2C566AE10024E920 /* Pretendard-Thin.otf */ = {isa = PBXFileReference; lastKnownFileType = file; path = "Pretendard-Thin.otf"; sourceTree = "<group>"; };
		F64FBE2F2C566AE10024E920 /* Pretendard-SemiBold.otf */ = {isa = PBXFileReference; lastKnownFileType = file; path = "Pretendard-SemiBold.otf"; sourceTree = "<group>"; };
		F64FBE302C566AE10024E920 /* Pretendard-Light.otf */ = {isa = PBXFileReference; lastKnownFileType = file; path = "Pretendard-Light.otf"; sourceTree = "<group>"; };
		F64FBE312C566AE10024E920 /* Pretendard-ExtraBold.otf */ = {isa = PBXFileReference; lastKnownFileType = file; path = "Pretendard-ExtraBold.otf"; sourceTree = "<group>"; };
		F64FBE3B2C566B110024E920 /* Info.plist */ = {isa = PBXFileReference; lastKnownFileType = text.plist; path = Info.plist; sourceTree = "<group>"; };
		F66C5C842C5B30F400EE695A /* RunUs.entitlements */ = {isa = PBXFileReference; lastKnownFileType = text.plist.entitlements; path = RunUs.entitlements; sourceTree = "<group>"; };
		F66C5C892C5B3CD500EE695A /* LoginStore.swift */ = {isa = PBXFileReference; lastKnownFileType = sourcecode.swift; path = LoginStore.swift; sourceTree = "<group>"; };
		F69D0F182C61E00500A598E1 /* Paddings.swift */ = {isa = PBXFileReference; lastKnownFileType = sourcecode.swift; path = Paddings.swift; sourceTree = "<group>"; };
		F6AC52DD2C6505AE00654820 /* AuthLoginRequestModel.swift */ = {isa = PBXFileReference; lastKnownFileType = sourcecode.swift; path = AuthLoginRequestModel.swift; sourceTree = "<group>"; };
		F6AC52DF2C662DEE00654820 /* UserDefaultManager.swift */ = {isa = PBXFileReference; lastKnownFileType = sourcecode.swift; path = UserDefaultManager.swift; sourceTree = "<group>"; };
		F6B9A33B2C63123900743FBE /* AppleLoginDependency.swift */ = {isa = PBXFileReference; lastKnownFileType = sourcecode.swift; path = AppleLoginDependency.swift; sourceTree = "<group>"; };
		F6B9A33D2C63287400743FBE /* AppleLoginResponseModel.swift */ = {isa = PBXFileReference; lastKnownFileType = sourcecode.swift; path = AppleLoginResponseModel.swift; sourceTree = "<group>"; };
		F6EF88732C4E7FF5008EF2FD /* SplashView.swift */ = {isa = PBXFileReference; lastKnownFileType = sourcecode.swift; path = SplashView.swift; sourceTree = "<group>"; };
		F6EF88752C4E802E008EF2FD /* MainView.swift */ = {isa = PBXFileReference; lastKnownFileType = sourcecode.swift; path = MainView.swift; sourceTree = "<group>"; };
		F6EF88772C4E839A008EF2FD /* LoginView.swift */ = {isa = PBXFileReference; lastKnownFileType = sourcecode.swift; path = LoginView.swift; sourceTree = "<group>"; };
		F6EF887C2C4F7E46008EF2FD /* HomeView.swift */ = {isa = PBXFileReference; lastKnownFileType = sourcecode.swift; path = HomeView.swift; sourceTree = "<group>"; };
		F6F085642C58C4BE00994E34 /* PretendardVariable.ttf */ = {isa = PBXFileReference; lastKnownFileType = file; path = PretendardVariable.ttf; sourceTree = "<group>"; };
		F6F085722C59FAF700994E34 /* Fonts.swift */ = {isa = PBXFileReference; lastKnownFileType = sourcecode.swift; path = Fonts.swift; sourceTree = "<group>"; };
		F6F41B6D2C6900B6002EA1F5 /* SetGoalView.swift */ = {isa = PBXFileReference; lastKnownFileType = sourcecode.swift; path = SetGoalView.swift; sourceTree = "<group>"; };
		F6F41B712C69BC27002EA1F5 /* SelectTypeView.swift */ = {isa = PBXFileReference; lastKnownFileType = sourcecode.swift; path = SelectTypeView.swift; sourceTree = "<group>"; };
		F6F41B732C69BCE1002EA1F5 /* TypeButton.swift */ = {isa = PBXFileReference; lastKnownFileType = sourcecode.swift; path = TypeButton.swift; sourceTree = "<group>"; };
		F6F41B752C69BD05002EA1F5 /* GoalTypes.swift */ = {isa = PBXFileReference; lastKnownFileType = sourcecode.swift; path = GoalTypes.swift; sourceTree = "<group>"; };
		F6F41B772C69C85A002EA1F5 /* GoalTextField.swift */ = {isa = PBXFileReference; lastKnownFileType = sourcecode.swift; path = GoalTextField.swift; sourceTree = "<group>"; };
/* End PBXFileReference section */

/* Begin PBXFrameworksBuildPhase section */
		D93A94E12C4A372600BCCD00 /* Frameworks */ = {
			isa = PBXFrameworksBuildPhase;
			buildActionMask = 2147483647;
			files = (
				F66C5C872C5B3C0700EE695A /* ComposableArchitecture in Frameworks */,
			);
			runOnlyForDeploymentPostprocessing = 0;
		};
/* End PBXFrameworksBuildPhase section */

/* Begin PBXGroup section */
		D93A94DB2C4A372600BCCD00 = {
			isa = PBXGroup;
			children = (
				D93A94E62C4A372600BCCD00 /* RunUs */,
				D93A94E52C4A372600BCCD00 /* Products */,
			);
			sourceTree = "<group>";
		};
		D93A94E52C4A372600BCCD00 /* Products */ = {
			isa = PBXGroup;
			children = (
				D93A94E42C4A372600BCCD00 /* RunUs.app */,
			);
			name = Products;
			sourceTree = "<group>";
		};
		D93A94E62C4A372600BCCD00 /* RunUs */ = {
			isa = PBXGroup;
			children = (
				F66C5C842C5B30F400EE695A /* RunUs.entitlements */,
				F64FBE3B2C566B110024E920 /* Info.plist */,
				D93A94E72C4A372600BCCD00 /* RunUsApp.swift */,
				D9D0B7532C5D473E00D13160 /* Core */,
				D9D0B7502C5D46CA00D13160 /* Login */,
				D9D0B7522C5D471800D13160 /* Home */,
				D9F5B8582C60ED63009CEB19 /* RunAlone */,
				F6F41B6C2C690091002EA1F5 /* SetGoal */,
				D9D0B7162C4F549D00D13160 /* Network */,
				F6F085662C58C90200994E34 /* Resource */,
				D93A94EB2C4A372700BCCD00 /* Assets.xcassets */,
				D93A94ED2C4A372700BCCD00 /* Preview Content */,
			);
			path = RunUs;
			sourceTree = "<group>";
		};
		D93A94ED2C4A372700BCCD00 /* Preview Content */ = {
			isa = PBXGroup;
			children = (
				D93A94EE2C4A372700BCCD00 /* Preview Assets.xcassets */,
			);
			path = "Preview Content";
			sourceTree = "<group>";
		};
		D9D0B7162C4F549D00D13160 /* Network */ = {
			isa = PBXGroup;
			children = (
				D9D0B7262C50C42400D13160 /* Server */,
				D9D0B7192C4F555500D13160 /* NetworkError.swift */,
				D9D0B71B2C4F566E00D13160 /* NetworkService.swift */,
				D9D0B71D2C4F570000D13160 /* NetworkEndpoint.swift */,
			);
			path = Network;
			sourceTree = "<group>";
		};
		D9D0B7262C50C42400D13160 /* Server */ = {
			isa = PBXGroup;
			children = (
				D9D0B7222C50BA7400D13160 /* ServerNetwork.swift */,
				D9D0B7242C50BC5800D13160 /* ServerEndpoint.swift */,
				D9D0B71F2C4FE67D00D13160 /* ServerResponse.swift */,
			);
			path = Server;
			sourceTree = "<group>";
		};
		D9D0B7502C5D46CA00D13160 /* Login */ = {
			isa = PBXGroup;
			children = (
				F6EF88772C4E839A008EF2FD /* LoginView.swift */,
				F66C5C892C5B3CD500EE695A /* LoginStore.swift */,
				F6B9A33B2C63123900743FBE /* AppleLoginDependency.swift */,
				F6AC52DD2C6505AE00654820 /* AuthLoginRequestModel.swift */,
				F6B9A33D2C63287400743FBE /* AppleLoginResponseModel.swift */,
			);
			path = Login;
			sourceTree = "<group>";
		};
		D9D0B7512C5D46F900D13160 /* View */ = {
			isa = PBXGroup;
			children = (
				F6EF88732C4E7FF5008EF2FD /* SplashView.swift */,
				F6EF88752C4E802E008EF2FD /* MainView.swift */,
				D97950A32C62831B00BDCD44 /* RUNavigationBar.swift */,
				D90CDD782C6A623F00197214 /* CountDownView.swift */,
			);
			path = View;
			sourceTree = "<group>";
		};
		D9D0B7522C5D471800D13160 /* Home */ = {
			isa = PBXGroup;
			children = (
				F6EF887C2C4F7E46008EF2FD /* HomeView.swift */,
			);
			path = Home;
			sourceTree = "<group>";
		};
		D9D0B7532C5D473E00D13160 /* Core */ = {
			isa = PBXGroup;
			children = (
				D9F5B8552C60D141009CEB19 /* Extension */,
				D9D0B7512C5D46F900D13160 /* View */,
				D9D0B7172C4F553800D13160 /* RUError.swift */,
				D97D9FE32C6078BD00C663BD /* LocationManager.swift */,
				F6AC52DF2C662DEE00654820 /* UserDefaultManager.swift */,
				F6133EAD2C6DB29600F3ECE5 /* RUButton.swift */,
			);
			path = Core;
			sourceTree = "<group>";
		};
		D9F5B8552C60D141009CEB19 /* Extension */ = {
			isa = PBXGroup;
			children = (
				D9F5B8562C60D151009CEB19 /* Bundle+extension.swift */,
				D97950A52C62917400BDCD44 /* View+extension.swift */,
				F63B81662C710573002F45F4 /* String+extension.swift */,
			);
			path = Extension;
			sourceTree = "<group>";
		};
		D9F5B8582C60ED63009CEB19 /* RunAlone */ = {
			isa = PBXGroup;
			children = (
				D9F5B8592C60EDD0009CEB19 /* RunAloneHomeView.swift */,
				D9F5B85B2C60EE1E009CEB19 /* RunAloneHomeFeature.swift */,
				D9F5B85F2C6101E1009CEB19 /* RunAloneDependency.swift */,
				D9E704AD2C649AE900212FF0 /* TodayChallengeListItemView.swift */,
				D9E704AF2C649AFE00212FF0 /* TodayChallenge.swift */,
				D9E704B12C6A222000212FF0 /* RunAloneAPI.swift */,
			);
			path = RunAlone;
			sourceTree = "<group>";
		};
		F64FBE272C566AAC0024E920 /* Fonts */ = {
			isa = PBXGroup;
			children = (
				F64FBE282C566AB20024E920 /* Pretendard */,
				F6F085722C59FAF700994E34 /* Fonts.swift */,
			);
			path = Fonts;
			sourceTree = "<group>";
		};
		F64FBE282C566AB20024E920 /* Pretendard */ = {
			isa = PBXGroup;
			children = (
				F64FBE2B2C566AE00024E920 /* Pretendard-Black.otf */,
				F64FBE292C566AE00024E920 /* Pretendard-Bold.otf */,
				F64FBE312C566AE10024E920 /* Pretendard-ExtraBold.otf */,
				F64FBE2C2C566AE00024E920 /* Pretendard-ExtraLight.otf */,
				F64FBE302C566AE10024E920 /* Pretendard-Light.otf */,
				F64FBE2D2C566AE00024E920 /* Pretendard-Medium.otf */,
				F64FBE2A2C566AE00024E920 /* Pretendard-Regular.otf */,
				F64FBE2F2C566AE10024E920 /* Pretendard-SemiBold.otf */,
				F64FBE2E2C566AE10024E920 /* Pretendard-Thin.otf */,
				F6F085642C58C4BE00994E34 /* PretendardVariable.ttf */,
			);
			path = Pretendard;
			sourceTree = "<group>";
		};
		F6F085662C58C90200994E34 /* Resource */ = {
			isa = PBXGroup;
			children = (
				F69D0F182C61E00500A598E1 /* Paddings.swift */,
				F64FBE272C566AAC0024E920 /* Fonts */,
			);
			path = Resource;
			sourceTree = "<group>";
		};
		F6F41B6C2C690091002EA1F5 /* SetGoal */ = {
			isa = PBXGroup;
			children = (
				F6F41B712C69BC27002EA1F5 /* SelectTypeView.swift */,
				F6F41B6D2C6900B6002EA1F5 /* SetGoalView.swift */,
				F63B81612C6F1A7E002F45F4 /* SetGoalStore.swift */,
				F6F41B732C69BCE1002EA1F5 /* TypeButton.swift */,
				F6F41B772C69C85A002EA1F5 /* GoalTextField.swift */,
				F6F41B752C69BD05002EA1F5 /* GoalTypes.swift */,
			);
			path = SetGoal;
			sourceTree = "<group>";
		};
/* End PBXGroup section */

/* Begin PBXNativeTarget section */
		D93A94E32C4A372600BCCD00 /* RunUs */ = {
			isa = PBXNativeTarget;
			buildConfigurationList = D93A94F22C4A372700BCCD00 /* Build configuration list for PBXNativeTarget "RunUs" */;
			buildPhases = (
				D93A94E02C4A372600BCCD00 /* Sources */,
				D93A94E12C4A372600BCCD00 /* Frameworks */,
				D93A94E22C4A372600BCCD00 /* Resources */,
			);
			buildRules = (
			);
			dependencies = (
			);
			name = RunUs;
			packageProductDependencies = (
				F66C5C862C5B3C0700EE695A /* ComposableArchitecture */,
			);
			productName = RunUs;
			productReference = D93A94E42C4A372600BCCD00 /* RunUs.app */;
			productType = "com.apple.product-type.application";
		};
/* End PBXNativeTarget section */

/* Begin PBXProject section */
		D93A94DC2C4A372600BCCD00 /* Project object */ = {
			isa = PBXProject;
			attributes = {
				BuildIndependentTargetsInParallel = 1;
				LastSwiftUpdateCheck = 1500;
				LastUpgradeCheck = 1500;
				TargetAttributes = {
					D93A94E32C4A372600BCCD00 = {
						CreatedOnToolsVersion = 15.0.1;
					};
				};
			};
			buildConfigurationList = D93A94DF2C4A372600BCCD00 /* Build configuration list for PBXProject "RunUs" */;
			compatibilityVersion = "Xcode 14.0";
			developmentRegion = en;
			hasScannedForEncodings = 0;
			knownRegions = (
				en,
				Base,
			);
			mainGroup = D93A94DB2C4A372600BCCD00;
			packageReferences = (
				F66C5C852C5B3C0700EE695A /* XCRemoteSwiftPackageReference "swift-composable-architecture" */,
			);
			productRefGroup = D93A94E52C4A372600BCCD00 /* Products */;
			projectDirPath = "";
			projectRoot = "";
			targets = (
				D93A94E32C4A372600BCCD00 /* RunUs */,
			);
		};
/* End PBXProject section */

/* Begin PBXResourcesBuildPhase section */
		D93A94E22C4A372600BCCD00 /* Resources */ = {
			isa = PBXResourcesBuildPhase;
			buildActionMask = 2147483647;
			files = (
				F64FBE362C566AE10024E920 /* Pretendard-Medium.otf in Resources */,
				F64FBE352C566AE10024E920 /* Pretendard-ExtraLight.otf in Resources */,
				D93A94EF2C4A372700BCCD00 /* Preview Assets.xcassets in Resources */,
				F64FBE392C566AE10024E920 /* Pretendard-Light.otf in Resources */,
				F64FBE372C566AE10024E920 /* Pretendard-Thin.otf in Resources */,
				F6F085652C58C4BE00994E34 /* PretendardVariable.ttf in Resources */,
				F64FBE332C566AE10024E920 /* Pretendard-Regular.otf in Resources */,
				F64FBE3A2C566AE10024E920 /* Pretendard-ExtraBold.otf in Resources */,
				F64FBE322C566AE10024E920 /* Pretendard-Bold.otf in Resources */,
				F64FBE382C566AE10024E920 /* Pretendard-SemiBold.otf in Resources */,
				D93A94EC2C4A372700BCCD00 /* Assets.xcassets in Resources */,
				F64FBE342C566AE10024E920 /* Pretendard-Black.otf in Resources */,
			);
			runOnlyForDeploymentPostprocessing = 0;
		};
/* End PBXResourcesBuildPhase section */

/* Begin PBXSourcesBuildPhase section */
		D93A94E02C4A372600BCCD00 /* Sources */ = {
			isa = PBXSourcesBuildPhase;
			buildActionMask = 2147483647;
			files = (
				F6133EA82C6C77B000F3ECE5 /* RunUsApp.swift in Sources */,
				F6F41B762C69BD05002EA1F5 /* GoalTypes.swift in Sources */,
				F66C5C8A2C5B3CD500EE695A /* LoginStore.swift in Sources */,
				D9E704B22C6A222000212FF0 /* RunAloneAPI.swift in Sources */,
				D90CDD792C6A623F00197214 /* CountDownView.swift in Sources */,
				D9D0B71C2C4F566E00D13160 /* NetworkService.swift in Sources */,
				D9D0B71A2C4F555500D13160 /* NetworkError.swift in Sources */,
				D9E704AE2C649AE900212FF0 /* TodayChallengeListItemView.swift in Sources */,
				D9F5B85C2C60EE1E009CEB19 /* RunAloneHomeFeature.swift in Sources */,
				F6F41B782C69C85A002EA1F5 /* GoalTextField.swift in Sources */,
				D9D0B7182C4F553800D13160 /* RUError.swift in Sources */,
				F6B9A33E2C63287400743FBE /* AppleLoginResponseModel.swift in Sources */,
				F6B9A33C2C63123900743FBE /* AppleLoginDependency.swift in Sources */,
				D9D0B7252C50BC5800D13160 /* ServerEndpoint.swift in Sources */,
				D9D0B7202C4FE67D00D13160 /* ServerResponse.swift in Sources */,
				D9D0B71E2C4F570000D13160 /* NetworkEndpoint.swift in Sources */,
				F6F085732C59FAF700994E34 /* Fonts.swift in Sources */,
				D9D0B7232C50BA7400D13160 /* ServerNetwork.swift in Sources */,
				F63B81672C710573002F45F4 /* String+extension.swift in Sources */,
				D9F5B85A2C60EDD0009CEB19 /* RunAloneHomeView.swift in Sources */,
				D9F5B8602C6101E1009CEB19 /* RunAloneDependency.swift in Sources */,
				D9F5B8572C60D151009CEB19 /* Bundle+extension.swift in Sources */,
				D97950A62C62917400BDCD44 /* View+extension.swift in Sources */,
				F6EF88762C4E802E008EF2FD /* MainView.swift in Sources */,
				F6AC52DE2C6505AE00654820 /* AuthLoginRequestModel.swift in Sources */,
				D97950A42C62831B00BDCD44 /* RUNavigationBar.swift in Sources */,
				D9E704B02C649AFE00212FF0 /* TodayChallenge.swift in Sources */,
				F6133EAE2C6DB29600F3ECE5 /* RUButton.swift in Sources */,
				F6F41B742C69BCE1002EA1F5 /* TypeButton.swift in Sources */,
				F6EF88782C4E839A008EF2FD /* LoginView.swift in Sources */,
				F6EF887D2C4F7E46008EF2FD /* HomeView.swift in Sources */,
				F6AC52E02C662DEE00654820 /* UserDefaultManager.swift in Sources */,
				D97D9FE42C6078BD00C663BD /* LocationManager.swift in Sources */,
				F6F41B722C69BC27002EA1F5 /* SelectTypeView.swift in Sources */,
				F6EF88742C4E7FF5008EF2FD /* SplashView.swift in Sources */,
				F63B81622C6F1A7E002F45F4 /* SetGoalStore.swift in Sources */,
				F6F41B6E2C6900B6002EA1F5 /* SetGoalView.swift in Sources */,
				F69D0F192C61E00500A598E1 /* Paddings.swift in Sources */,
			);
			runOnlyForDeploymentPostprocessing = 0;
		};
/* End PBXSourcesBuildPhase section */

/* Begin XCBuildConfiguration section */
		D93A94F02C4A372700BCCD00 /* Debug */ = {
			isa = XCBuildConfiguration;
			buildSettings = {
				ALWAYS_SEARCH_USER_PATHS = NO;
				ASSETCATALOG_COMPILER_GENERATE_SWIFT_ASSET_SYMBOL_EXTENSIONS = YES;
				CLANG_ANALYZER_NONNULL = YES;
				CLANG_ANALYZER_NUMBER_OBJECT_CONVERSION = YES_AGGRESSIVE;
				CLANG_CXX_LANGUAGE_STANDARD = "gnu++20";
				CLANG_ENABLE_MODULES = YES;
				CLANG_ENABLE_OBJC_ARC = YES;
				CLANG_ENABLE_OBJC_WEAK = YES;
				CLANG_WARN_BLOCK_CAPTURE_AUTORELEASING = YES;
				CLANG_WARN_BOOL_CONVERSION = YES;
				CLANG_WARN_COMMA = YES;
				CLANG_WARN_CONSTANT_CONVERSION = YES;
				CLANG_WARN_DEPRECATED_OBJC_IMPLEMENTATIONS = YES;
				CLANG_WARN_DIRECT_OBJC_ISA_USAGE = YES_ERROR;
				CLANG_WARN_DOCUMENTATION_COMMENTS = YES;
				CLANG_WARN_EMPTY_BODY = YES;
				CLANG_WARN_ENUM_CONVERSION = YES;
				CLANG_WARN_INFINITE_RECURSION = YES;
				CLANG_WARN_INT_CONVERSION = YES;
				CLANG_WARN_NON_LITERAL_NULL_CONVERSION = YES;
				CLANG_WARN_OBJC_IMPLICIT_RETAIN_SELF = YES;
				CLANG_WARN_OBJC_LITERAL_CONVERSION = YES;
				CLANG_WARN_OBJC_ROOT_CLASS = YES_ERROR;
				CLANG_WARN_QUOTED_INCLUDE_IN_FRAMEWORK_HEADER = YES;
				CLANG_WARN_RANGE_LOOP_ANALYSIS = YES;
				CLANG_WARN_STRICT_PROTOTYPES = YES;
				CLANG_WARN_SUSPICIOUS_MOVE = YES;
				CLANG_WARN_UNGUARDED_AVAILABILITY = YES_AGGRESSIVE;
				CLANG_WARN_UNREACHABLE_CODE = YES;
				CLANG_WARN__DUPLICATE_METHOD_MATCH = YES;
				COPY_PHASE_STRIP = NO;
				DEBUG_INFORMATION_FORMAT = dwarf;
				ENABLE_STRICT_OBJC_MSGSEND = YES;
				ENABLE_TESTABILITY = YES;
				ENABLE_USER_SCRIPT_SANDBOXING = YES;
				GCC_C_LANGUAGE_STANDARD = gnu17;
				GCC_DYNAMIC_NO_PIC = NO;
				GCC_NO_COMMON_BLOCKS = YES;
				GCC_OPTIMIZATION_LEVEL = 0;
				GCC_PREPROCESSOR_DEFINITIONS = (
					"DEBUG=1",
					"$(inherited)",
				);
				GCC_WARN_64_TO_32_BIT_CONVERSION = YES;
				GCC_WARN_ABOUT_RETURN_TYPE = YES_ERROR;
				GCC_WARN_UNDECLARED_SELECTOR = YES;
				GCC_WARN_UNINITIALIZED_AUTOS = YES_AGGRESSIVE;
				GCC_WARN_UNUSED_FUNCTION = YES;
				GCC_WARN_UNUSED_VARIABLE = YES;
				IPHONEOS_DEPLOYMENT_TARGET = 17.0;
				LOCALIZATION_PREFERS_STRING_CATALOGS = YES;
				MTL_ENABLE_DEBUG_INFO = INCLUDE_SOURCE;
				MTL_FAST_MATH = YES;
				ONLY_ACTIVE_ARCH = YES;
				SDKROOT = iphoneos;
				SWIFT_ACTIVE_COMPILATION_CONDITIONS = "DEBUG $(inherited)";
				SWIFT_OPTIMIZATION_LEVEL = "-Onone";
			};
			name = Debug;
		};
		D93A94F12C4A372700BCCD00 /* Release */ = {
			isa = XCBuildConfiguration;
			buildSettings = {
				ALWAYS_SEARCH_USER_PATHS = NO;
				ASSETCATALOG_COMPILER_GENERATE_SWIFT_ASSET_SYMBOL_EXTENSIONS = YES;
				CLANG_ANALYZER_NONNULL = YES;
				CLANG_ANALYZER_NUMBER_OBJECT_CONVERSION = YES_AGGRESSIVE;
				CLANG_CXX_LANGUAGE_STANDARD = "gnu++20";
				CLANG_ENABLE_MODULES = YES;
				CLANG_ENABLE_OBJC_ARC = YES;
				CLANG_ENABLE_OBJC_WEAK = YES;
				CLANG_WARN_BLOCK_CAPTURE_AUTORELEASING = YES;
				CLANG_WARN_BOOL_CONVERSION = YES;
				CLANG_WARN_COMMA = YES;
				CLANG_WARN_CONSTANT_CONVERSION = YES;
				CLANG_WARN_DEPRECATED_OBJC_IMPLEMENTATIONS = YES;
				CLANG_WARN_DIRECT_OBJC_ISA_USAGE = YES_ERROR;
				CLANG_WARN_DOCUMENTATION_COMMENTS = YES;
				CLANG_WARN_EMPTY_BODY = YES;
				CLANG_WARN_ENUM_CONVERSION = YES;
				CLANG_WARN_INFINITE_RECURSION = YES;
				CLANG_WARN_INT_CONVERSION = YES;
				CLANG_WARN_NON_LITERAL_NULL_CONVERSION = YES;
				CLANG_WARN_OBJC_IMPLICIT_RETAIN_SELF = YES;
				CLANG_WARN_OBJC_LITERAL_CONVERSION = YES;
				CLANG_WARN_OBJC_ROOT_CLASS = YES_ERROR;
				CLANG_WARN_QUOTED_INCLUDE_IN_FRAMEWORK_HEADER = YES;
				CLANG_WARN_RANGE_LOOP_ANALYSIS = YES;
				CLANG_WARN_STRICT_PROTOTYPES = YES;
				CLANG_WARN_SUSPICIOUS_MOVE = YES;
				CLANG_WARN_UNGUARDED_AVAILABILITY = YES_AGGRESSIVE;
				CLANG_WARN_UNREACHABLE_CODE = YES;
				CLANG_WARN__DUPLICATE_METHOD_MATCH = YES;
				COPY_PHASE_STRIP = NO;
				DEBUG_INFORMATION_FORMAT = "dwarf-with-dsym";
				ENABLE_NS_ASSERTIONS = NO;
				ENABLE_STRICT_OBJC_MSGSEND = YES;
				ENABLE_USER_SCRIPT_SANDBOXING = YES;
				GCC_C_LANGUAGE_STANDARD = gnu17;
				GCC_NO_COMMON_BLOCKS = YES;
				GCC_WARN_64_TO_32_BIT_CONVERSION = YES;
				GCC_WARN_ABOUT_RETURN_TYPE = YES_ERROR;
				GCC_WARN_UNDECLARED_SELECTOR = YES;
				GCC_WARN_UNINITIALIZED_AUTOS = YES_AGGRESSIVE;
				GCC_WARN_UNUSED_FUNCTION = YES;
				GCC_WARN_UNUSED_VARIABLE = YES;
				IPHONEOS_DEPLOYMENT_TARGET = 17.0;
				LOCALIZATION_PREFERS_STRING_CATALOGS = YES;
				MTL_ENABLE_DEBUG_INFO = NO;
				MTL_FAST_MATH = YES;
				SDKROOT = iphoneos;
				SWIFT_COMPILATION_MODE = wholemodule;
				VALIDATE_PRODUCT = YES;
			};
			name = Release;
		};
		D93A94F32C4A372700BCCD00 /* Debug */ = {
			isa = XCBuildConfiguration;
			buildSettings = {
				ASSETCATALOG_COMPILER_APPICON_NAME = AppIcon;
				ASSETCATALOG_COMPILER_GLOBAL_ACCENT_COLOR_NAME = AccentColor;
				CODE_SIGN_ENTITLEMENTS = RunUs/RunUs.entitlements;
				CODE_SIGN_IDENTITY = "Apple Development";
				"CODE_SIGN_IDENTITY[sdk=iphoneos*]" = "iPhone Developer";
				CODE_SIGN_STYLE = Manual;
				CURRENT_PROJECT_VERSION = 1;
				DEVELOPMENT_ASSET_PATHS = "\"RunUs/Preview Content\"";
				DEVELOPMENT_TEAM = "";
				"DEVELOPMENT_TEAM[sdk=iphoneos*]" = PF6QF5WXTK;
				ENABLE_PREVIEWS = YES;
				GENERATE_INFOPLIST_FILE = YES;
				INFOPLIST_FILE = RunUs/Info.plist;
				INFOPLIST_KEY_UIApplicationSceneManifest_Generation = YES;
				INFOPLIST_KEY_UIApplicationSupportsIndirectInputEvents = YES;
				INFOPLIST_KEY_UILaunchScreen_Generation = YES;
				INFOPLIST_KEY_UISupportedInterfaceOrientations_iPad = "UIInterfaceOrientationPortrait UIInterfaceOrientationPortraitUpsideDown UIInterfaceOrientationLandscapeLeft UIInterfaceOrientationLandscapeRight";
				INFOPLIST_KEY_UISupportedInterfaceOrientations_iPhone = UIInterfaceOrientationPortrait;
				LD_RUNPATH_SEARCH_PATHS = (
					"$(inherited)",
					"@executable_path/Frameworks",
				);
				MARKETING_VERSION = 1.0;
				PRODUCT_BUNDLE_IDENTIFIER = "dnd-11th-2.RunUs";
				PRODUCT_NAME = "$(TARGET_NAME)";
				PROVISIONING_PROFILE_SPECIFIER = "";
				"PROVISIONING_PROFILE_SPECIFIER[sdk=iphoneos*]" = runus_dev_profile;
				SWIFT_EMIT_LOC_STRINGS = YES;
				SWIFT_VERSION = 5.0;
				TARGETED_DEVICE_FAMILY = "1,2";
			};
			name = Debug;
		};
		D93A94F42C4A372700BCCD00 /* Release */ = {
			isa = XCBuildConfiguration;
			buildSettings = {
				ASSETCATALOG_COMPILER_APPICON_NAME = AppIcon;
				ASSETCATALOG_COMPILER_GLOBAL_ACCENT_COLOR_NAME = AccentColor;
				CODE_SIGN_ENTITLEMENTS = RunUs/RunUs.entitlements;
				CODE_SIGN_IDENTITY = "Apple Development";
				"CODE_SIGN_IDENTITY[sdk=iphoneos*]" = "iPhone Developer";
				CODE_SIGN_STYLE = Manual;
				CURRENT_PROJECT_VERSION = 1;
				DEVELOPMENT_ASSET_PATHS = "\"RunUs/Preview Content\"";
				DEVELOPMENT_TEAM = "";
				"DEVELOPMENT_TEAM[sdk=iphoneos*]" = PF6QF5WXTK;
				ENABLE_PREVIEWS = YES;
				GENERATE_INFOPLIST_FILE = YES;
				INFOPLIST_FILE = RunUs/Info.plist;
				INFOPLIST_KEY_UIApplicationSceneManifest_Generation = YES;
				INFOPLIST_KEY_UIApplicationSupportsIndirectInputEvents = YES;
				INFOPLIST_KEY_UILaunchScreen_Generation = YES;
				INFOPLIST_KEY_UISupportedInterfaceOrientations_iPad = "UIInterfaceOrientationPortrait UIInterfaceOrientationPortraitUpsideDown UIInterfaceOrientationLandscapeLeft UIInterfaceOrientationLandscapeRight";
				INFOPLIST_KEY_UISupportedInterfaceOrientations_iPhone = UIInterfaceOrientationPortrait;
				LD_RUNPATH_SEARCH_PATHS = (
					"$(inherited)",
					"@executable_path/Frameworks",
				);
				MARKETING_VERSION = 1.0;
				PRODUCT_BUNDLE_IDENTIFIER = "dnd-11th-2.RunUs";
				PRODUCT_NAME = "$(TARGET_NAME)";
				PROVISIONING_PROFILE_SPECIFIER = "";
				"PROVISIONING_PROFILE_SPECIFIER[sdk=iphoneos*]" = runus_dev_profile;
				SWIFT_EMIT_LOC_STRINGS = YES;
				SWIFT_VERSION = 5.0;
				TARGETED_DEVICE_FAMILY = "1,2";
			};
			name = Release;
		};
/* End XCBuildConfiguration section */

/* Begin XCConfigurationList section */
		D93A94DF2C4A372600BCCD00 /* Build configuration list for PBXProject "RunUs" */ = {
			isa = XCConfigurationList;
			buildConfigurations = (
				D93A94F02C4A372700BCCD00 /* Debug */,
				D93A94F12C4A372700BCCD00 /* Release */,
			);
			defaultConfigurationIsVisible = 0;
			defaultConfigurationName = Release;
		};
		D93A94F22C4A372700BCCD00 /* Build configuration list for PBXNativeTarget "RunUs" */ = {
			isa = XCConfigurationList;
			buildConfigurations = (
				D93A94F32C4A372700BCCD00 /* Debug */,
				D93A94F42C4A372700BCCD00 /* Release */,
			);
			defaultConfigurationIsVisible = 0;
			defaultConfigurationName = Release;
		};
/* End XCConfigurationList section */

/* Begin XCRemoteSwiftPackageReference section */
		F66C5C852C5B3C0700EE695A /* XCRemoteSwiftPackageReference "swift-composable-architecture" */ = {
			isa = XCRemoteSwiftPackageReference;
			repositoryURL = "https://github.com/pointfreeco/swift-composable-architecture";
			requirement = {
				kind = exactVersion;
				version = 1.12.1;
			};
		};
/* End XCRemoteSwiftPackageReference section */

/* Begin XCSwiftPackageProductDependency section */
		F66C5C862C5B3C0700EE695A /* ComposableArchitecture */ = {
			isa = XCSwiftPackageProductDependency;
			package = F66C5C852C5B3C0700EE695A /* XCRemoteSwiftPackageReference "swift-composable-architecture" */;
			productName = ComposableArchitecture;
		};
/* End XCSwiftPackageProductDependency section */
	};
	rootObject = D93A94DC2C4A372600BCCD00 /* Project object */;
}
