// !$*UTF8*$!
{
	archiveVersion = 1;
	classes = {
	};
	objectVersion = 56;
	objects = {

/* Begin PBXBuildFile section */
		D90BE6672C6B6F7100999858 /* RunningView.swift in Sources */ = {isa = PBXBuildFile; fileRef = D90BE6662C6B6F7100999858 /* RunningView.swift */; };
		D90CDD792C6A623F00197214 /* CountDownView.swift in Sources */ = {isa = PBXBuildFile; fileRef = D90CDD782C6A623F00197214 /* CountDownView.swift */; };
		D93975912C78D33B00507BAF /* RunningResultView.swift in Sources */ = {isa = PBXBuildFile; fileRef = D93975902C78D33B00507BAF /* RunningResultView.swift */; };
		D93A94EC2C4A372700BCCD00 /* Assets.xcassets in Resources */ = {isa = PBXBuildFile; fileRef = D93A94EB2C4A372700BCCD00 /* Assets.xcassets */; };
		D93A94EF2C4A372700BCCD00 /* Preview Assets.xcassets in Resources */ = {isa = PBXBuildFile; fileRef = D93A94EE2C4A372700BCCD00 /* Preview Assets.xcassets */; };
		D93AC4B12C8C53A900C1570F /* RunningMode.swift in Sources */ = {isa = PBXBuildFile; fileRef = D93AC4B02C8C53A900C1570F /* RunningMode.swift */; };
		D9417AD02C8BFCC2008F8075 /* RunningResult.swift in Sources */ = {isa = PBXBuildFile; fileRef = D9417ACF2C8BFCC2008F8075 /* RunningResult.swift */; };
		D9417AD42C8BFDD7008F8075 /* RunningData.swift in Sources */ = {isa = PBXBuildFile; fileRef = D9417AD32C8BFDD7008F8075 /* RunningData.swift */; };
		D9417AD72C8C000C008F8075 /* RunningResultAPI.swift in Sources */ = {isa = PBXBuildFile; fileRef = D9417AD62C8C000C008F8075 /* RunningResultAPI.swift */; };
		D9417AD92C8C2B6B008F8075 /* Date+extension.swift in Sources */ = {isa = PBXBuildFile; fileRef = D9417AD82C8C2B6B008F8075 /* Date+extension.swift */; };
		D95F830D2C6F5C9A000DCAA3 /* RunningFeature.swift in Sources */ = {isa = PBXBuildFile; fileRef = D95F830C2C6F5C9A000DCAA3 /* RunningFeature.swift */; };
		D95F830F2C6F5F64000DCAA3 /* RunningStateManager.swift in Sources */ = {isa = PBXBuildFile; fileRef = D95F830E2C6F5F64000DCAA3 /* RunningStateManager.swift */; };
		D95F83132C6FAC76000DCAA3 /* Int+extension.swift in Sources */ = {isa = PBXBuildFile; fileRef = D95F83122C6FAC76000DCAA3 /* Int+extension.swift */; };
		D95F83172C6FB079000DCAA3 /* LocationManagerDelegate.swift in Sources */ = {isa = PBXBuildFile; fileRef = D95F83162C6FB079000DCAA3 /* LocationManagerDelegate.swift */; };
		D97950A42C62831B00BDCD44 /* RUNavigationBar.swift in Sources */ = {isa = PBXBuildFile; fileRef = D97950A32C62831B00BDCD44 /* RUNavigationBar.swift */; };
		D97950A62C62917400BDCD44 /* View+extension.swift in Sources */ = {isa = PBXBuildFile; fileRef = D97950A52C62917400BDCD44 /* View+extension.swift */; };
		D97D9FE42C6078BD00C663BD /* LocationManager.swift in Sources */ = {isa = PBXBuildFile; fileRef = D97D9FE32C6078BD00C663BD /* LocationManager.swift */; };
		D9842DD82C84646A002B145C /* RunningRecordStore.swift in Sources */ = {isa = PBXBuildFile; fileRef = D9842DD72C84646A002B145C /* RunningRecordStore.swift */; };
		D9842DDA2C8465A1002B145C /* RunningRecordDailyResponseModel.swift in Sources */ = {isa = PBXBuildFile; fileRef = D9842DD92C8465A1002B145C /* RunningRecordDailyResponseModel.swift */; };
		D9842DE02C84AFE3002B145C /* DateFormatter+extension.swift in Sources */ = {isa = PBXBuildFile; fileRef = D9842DDF2C84AFE3002B145C /* DateFormatter+extension.swift */; };
		D9A65D0E2C7CCCE700FA33BF /* RunningResultFeature.swift in Sources */ = {isa = PBXBuildFile; fileRef = D9A65D0D2C7CCCE700FA33BF /* RunningResultFeature.swift */; };
		D9A65D102C7CCD9400FA33BF /* Emotions.swift in Sources */ = {isa = PBXBuildFile; fileRef = D9A65D0F2C7CCD9400FA33BF /* Emotions.swift */; };
		D9A65D122C7CCED900FA33BF /* ChallengeResult.swift in Sources */ = {isa = PBXBuildFile; fileRef = D9A65D112C7CCED900FA33BF /* ChallengeResult.swift */; };
		D9A65D142C7F3AF700FA33BF /* SelectRunningEmotionView.swift in Sources */ = {isa = PBXBuildFile; fileRef = D9A65D132C7F3AF700FA33BF /* SelectRunningEmotionView.swift */; };
		D9D0B7182C4F553800D13160 /* RUError.swift in Sources */ = {isa = PBXBuildFile; fileRef = D9D0B7172C4F553800D13160 /* RUError.swift */; };
		D9D0B71A2C4F555500D13160 /* NetworkError.swift in Sources */ = {isa = PBXBuildFile; fileRef = D9D0B7192C4F555500D13160 /* NetworkError.swift */; };
		D9D0B71C2C4F566E00D13160 /* NetworkService.swift in Sources */ = {isa = PBXBuildFile; fileRef = D9D0B71B2C4F566E00D13160 /* NetworkService.swift */; };
		D9D0B71E2C4F570000D13160 /* NetworkEndpoint.swift in Sources */ = {isa = PBXBuildFile; fileRef = D9D0B71D2C4F570000D13160 /* NetworkEndpoint.swift */; };
		D9D0B7202C4FE67D00D13160 /* ServerResponse.swift in Sources */ = {isa = PBXBuildFile; fileRef = D9D0B71F2C4FE67D00D13160 /* ServerResponse.swift */; };
		D9D0B7232C50BA7400D13160 /* ServerNetwork.swift in Sources */ = {isa = PBXBuildFile; fileRef = D9D0B7222C50BA7400D13160 /* ServerNetwork.swift */; };
		D9D0B7252C50BC5800D13160 /* ServerEndpoint.swift in Sources */ = {isa = PBXBuildFile; fileRef = D9D0B7242C50BC5800D13160 /* ServerEndpoint.swift */; };
		D9D4387C2C7F488E00F3E079 /* RunningRecordView.swift in Sources */ = {isa = PBXBuildFile; fileRef = D9D4387B2C7F488E00F3E079 /* RunningRecordView.swift */; };
		D9D4387E2C7F506B00F3E079 /* RUCalendar.swift in Sources */ = {isa = PBXBuildFile; fileRef = D9D4387D2C7F506B00F3E079 /* RUCalendar.swift */; };
		D9E704B02C649AFE00212FF0 /* TodayChallenge.swift in Sources */ = {isa = PBXBuildFile; fileRef = D9E704AF2C649AFE00212FF0 /* TodayChallenge.swift */; };
		D9F5B8572C60D151009CEB19 /* Bundle+extension.swift in Sources */ = {isa = PBXBuildFile; fileRef = D9F5B8562C60D151009CEB19 /* Bundle+extension.swift */; };
		D9F5B85A2C60EDD0009CEB19 /* RunAloneView.swift in Sources */ = {isa = PBXBuildFile; fileRef = D9F5B8592C60EDD0009CEB19 /* RunAloneView.swift */; };
		D9F5B85C2C60EE1E009CEB19 /* RunAloneFeature.swift in Sources */ = {isa = PBXBuildFile; fileRef = D9F5B85B2C60EE1E009CEB19 /* RunAloneFeature.swift */; };
		F6016DC52CC51F2600FB637F /* WithdrawResponseModel.swift in Sources */ = {isa = PBXBuildFile; fileRef = F6016DC42CC51F2600FB637F /* WithdrawResponseModel.swift */; };
		F605C0D42CD6644200562EAF /* LoadingManager.swift in Sources */ = {isa = PBXBuildFile; fileRef = F605C0D32CD6644200562EAF /* LoadingManager.swift */; };
		F605C0D62CD6683400562EAF /* LoadingView.swift in Sources */ = {isa = PBXBuildFile; fileRef = F605C0D52CD6683400562EAF /* LoadingView.swift */; };
		F611B21A2C7CB04100797470 /* AuthorizationManager.swift in Sources */ = {isa = PBXBuildFile; fileRef = F611B2192C7CB04100797470 /* AuthorizationManager.swift */; };
		F611B21C2C7E1A7300797470 /* HomeStore.swift in Sources */ = {isa = PBXBuildFile; fileRef = F611B21B2C7E1A7300797470 /* HomeStore.swift */; };
		F611B2202C7E1FBE00797470 /* WeatherResponseModel.swift in Sources */ = {isa = PBXBuildFile; fileRef = F611B21F2C7E1FBE00797470 /* WeatherResponseModel.swift */; };
		F611B2262C7E275C00797470 /* MonthlySummaryResponseModel.swift in Sources */ = {isa = PBXBuildFile; fileRef = F611B2252C7E275C00797470 /* MonthlySummaryResponseModel.swift */; };
		F6133EA82C6C77B000F3ECE5 /* RunUsApp.swift in Sources */ = {isa = PBXBuildFile; fileRef = D93A94E72C4A372600BCCD00 /* RunUsApp.swift */; };
		F6133EAE2C6DB29600F3ECE5 /* RUButton.swift in Sources */ = {isa = PBXBuildFile; fileRef = F6133EAD2C6DB29600F3ECE5 /* RUButton.swift */; };
		F62A4A012C9807D700E1B011 /* RunningStartInfo.swift in Sources */ = {isa = PBXBuildFile; fileRef = F62A4A002C9807D700E1B011 /* RunningStartInfo.swift */; };
		F634D2C22CB778D20014EDB6 /* RunningSummaryView.swift in Sources */ = {isa = PBXBuildFile; fileRef = F634D2C12CB778D20014EDB6 /* RunningSummaryView.swift */; };
		F634D2C42CB780E80014EDB6 /* RunningSummaryStore.swift in Sources */ = {isa = PBXBuildFile; fileRef = F634D2C32CB780E80014EDB6 /* RunningSummaryStore.swift */; };
		F634D2C62CB781210014EDB6 /* RunningSummaryAPI.swift in Sources */ = {isa = PBXBuildFile; fileRef = F634D2C52CB781210014EDB6 /* RunningSummaryAPI.swift */; };
		F634D2C82CB7819F0014EDB6 /* WeeklySummaryResponseModel.swift in Sources */ = {isa = PBXBuildFile; fileRef = F634D2C72CB7819F0014EDB6 /* WeeklySummaryResponseModel.swift */; };
		F634D2CA2CB784EE0014EDB6 /* SummaryTypes.swift in Sources */ = {isa = PBXBuildFile; fileRef = F634D2C92CB784EE0014EDB6 /* SummaryTypes.swift */; };
		F634D2D42CBF6A2C0014EDB6 /* Double+extension.swift in Sources */ = {isa = PBXBuildFile; fileRef = F634D2D32CBF6A2C0014EDB6 /* Double+extension.swift */; };
		F63B81622C6F1A7E002F45F4 /* SetGoalStore.swift in Sources */ = {isa = PBXBuildFile; fileRef = F63B81612C6F1A7E002F45F4 /* SetGoalStore.swift */; };
		F63B81672C710573002F45F4 /* String+extension.swift in Sources */ = {isa = PBXBuildFile; fileRef = F63B81662C710573002F45F4 /* String+extension.swift */; };
		F63B816A2C71F50C002F45F4 /* MyRecordView.swift in Sources */ = {isa = PBXBuildFile; fileRef = F63B81692C71F50C002F45F4 /* MyRecordView.swift */; };
		F63BAA462C84399F00DCE9EC /* RUTabBar.swift in Sources */ = {isa = PBXBuildFile; fileRef = F63BAA452C84399F00DCE9EC /* RUTabBar.swift */; };
		F63BAA4B2C84A9A700DCE9EC /* AchieveRecordView.swift in Sources */ = {isa = PBXBuildFile; fileRef = F63BAA4A2C84A9A700DCE9EC /* AchieveRecordView.swift */; };
		F63BAA4F2C8588F800DCE9EC /* WeatherParametersModel.swift in Sources */ = {isa = PBXBuildFile; fileRef = F63BAA4E2C8588F800DCE9EC /* WeatherParametersModel.swift */; };
		F63BAA512C86C8E900DCE9EC /* ViewEnvironment.swift in Sources */ = {isa = PBXBuildFile; fileRef = F63BAA502C86C8E900DCE9EC /* ViewEnvironment.swift */; };
		F64FBE322C566AE10024E920 /* Pretendard-Bold.otf in Resources */ = {isa = PBXBuildFile; fileRef = F64FBE292C566AE00024E920 /* Pretendard-Bold.otf */; };
		F64FBE332C566AE10024E920 /* Pretendard-Regular.otf in Resources */ = {isa = PBXBuildFile; fileRef = F64FBE2A2C566AE00024E920 /* Pretendard-Regular.otf */; };
		F64FBE342C566AE10024E920 /* Pretendard-Black.otf in Resources */ = {isa = PBXBuildFile; fileRef = F64FBE2B2C566AE00024E920 /* Pretendard-Black.otf */; };
		F64FBE352C566AE10024E920 /* Pretendard-ExtraLight.otf in Resources */ = {isa = PBXBuildFile; fileRef = F64FBE2C2C566AE00024E920 /* Pretendard-ExtraLight.otf */; };
		F64FBE362C566AE10024E920 /* Pretendard-Medium.otf in Resources */ = {isa = PBXBuildFile; fileRef = F64FBE2D2C566AE00024E920 /* Pretendard-Medium.otf */; };
		F64FBE372C566AE10024E920 /* Pretendard-Thin.otf in Resources */ = {isa = PBXBuildFile; fileRef = F64FBE2E2C566AE10024E920 /* Pretendard-Thin.otf */; };
		F64FBE382C566AE10024E920 /* Pretendard-SemiBold.otf in Resources */ = {isa = PBXBuildFile; fileRef = F64FBE2F2C566AE10024E920 /* Pretendard-SemiBold.otf */; };
		F64FBE392C566AE10024E920 /* Pretendard-Light.otf in Resources */ = {isa = PBXBuildFile; fileRef = F64FBE302C566AE10024E920 /* Pretendard-Light.otf */; };
		F64FBE3A2C566AE10024E920 /* Pretendard-ExtraBold.otf in Resources */ = {isa = PBXBuildFile; fileRef = F64FBE312C566AE10024E920 /* Pretendard-ExtraBold.otf */; };
		F65033C52C731EC500C81DA6 /* RecordMenus.swift in Sources */ = {isa = PBXBuildFile; fileRef = F65033C42C731EC500C81DA6 /* RecordMenus.swift */; };
		F65033CD2C74585500C81DA6 /* BadgesResponseModel.swift in Sources */ = {isa = PBXBuildFile; fileRef = F65033CC2C74585500C81DA6 /* BadgesResponseModel.swift */; };
		F65033D12C747DB000C81DA6 /* MyRecordStore.swift in Sources */ = {isa = PBXBuildFile; fileRef = F65033D02C747DB000C81DA6 /* MyRecordStore.swift */; };
		F65033D52C747ECA00C81DA6 /* MyRecordAPI.swift in Sources */ = {isa = PBXBuildFile; fileRef = F65033D42C747ECA00C81DA6 /* MyRecordAPI.swift */; };
		F65033D72C747F1E00C81DA6 /* ProfileResponseModel.swift in Sources */ = {isa = PBXBuildFile; fileRef = F65033D62C747F1E00C81DA6 /* ProfileResponseModel.swift */; };
		F65033D92C75D21800C81DA6 /* WithdrawRequestModel.swift in Sources */ = {isa = PBXBuildFile; fileRef = F65033D82C75D21800C81DA6 /* WithdrawRequestModel.swift */; };
		F65033DB2C75D51500C81DA6 /* LoginAPI.swift in Sources */ = {isa = PBXBuildFile; fileRef = F65033DA2C75D51500C81DA6 /* LoginAPI.swift */; };
		F65033DF2C7856AA00C81DA6 /* SignUpRequestModel.swift in Sources */ = {isa = PBXBuildFile; fileRef = F65033DE2C7856AA00C81DA6 /* SignUpRequestModel.swift */; };
		F65033E12C7856B300C81DA6 /* SignInRequestModel.swift in Sources */ = {isa = PBXBuildFile; fileRef = F65033E02C7856B300C81DA6 /* SignInRequestModel.swift */; };
		F65ACDCA2CC752E200C67DD1 /* RUProgress.swift in Sources */ = {isa = PBXBuildFile; fileRef = F65ACDC92CC752E200C67DD1 /* RUProgress.swift */; };
		F65ACDCD2CC8C76600C67DD1 /* MyBadgeView.swift in Sources */ = {isa = PBXBuildFile; fileRef = F65ACDCC2CC8C76600C67DD1 /* MyBadgeView.swift */; };
		F65ACDCF2CC8CF8300C67DD1 /* RUBadgeList.swift in Sources */ = {isa = PBXBuildFile; fileRef = F65ACDCE2CC8CF8300C67DD1 /* RUBadgeList.swift */; };
		F664670B2CA3F01500508369 /* GoalResult.swift in Sources */ = {isa = PBXBuildFile; fileRef = F664670A2CA3F01500508369 /* GoalResult.swift */; };
		F66467112CA408BA00508369 /* RunningRecordAPI.swift in Sources */ = {isa = PBXBuildFile; fileRef = F66467102CA408BA00508369 /* RunningRecordAPI.swift */; };
		F66467132CA40E9500508369 /* RunningRecordMonthlyResponseModel.swift in Sources */ = {isa = PBXBuildFile; fileRef = F66467122CA40E9500508369 /* RunningRecordMonthlyResponseModel.swift */; };
		F66467152CA411E200508369 /* RUChallengeList.swift in Sources */ = {isa = PBXBuildFile; fileRef = F66467142CA411E200508369 /* RUChallengeList.swift */; };
		F66467172CA52E0600508369 /* RunningRecord.swift in Sources */ = {isa = PBXBuildFile; fileRef = F66467162CA52E0600508369 /* RunningRecord.swift */; };
		F66467192CA7E4A900508369 /* RUTypeButtons.swift in Sources */ = {isa = PBXBuildFile; fileRef = F66467182CA7E4A900508369 /* RUTypeButtons.swift */; };
		F66C5C872C5B3C0700EE695A /* ComposableArchitecture in Frameworks */ = {isa = PBXBuildFile; productRef = F66C5C862C5B3C0700EE695A /* ComposableArchitecture */; };
		F66C5C8A2C5B3CD500EE695A /* LoginStore.swift in Sources */ = {isa = PBXBuildFile; fileRef = F66C5C892C5B3CD500EE695A /* LoginStore.swift */; };
		F67484382CAE53D200AA5256 /* MainStore.swift in Sources */ = {isa = PBXBuildFile; fileRef = F67484372CAE53D200AA5256 /* MainStore.swift */; };
		F674843A2CAE53DA00AA5256 /* MainAPI.swift in Sources */ = {isa = PBXBuildFile; fileRef = F67484392CAE53DA00AA5256 /* MainAPI.swift */; };
		F680B9EA2C8DF51E00478E30 /* RunningRecordResponseModel.swift in Sources */ = {isa = PBXBuildFile; fileRef = F680B9E92C8DF51E00478E30 /* RunningRecordResponseModel.swift */; };
		F69BFD9E2C8966C70073775C /* AchieveRecordStore.swift in Sources */ = {isa = PBXBuildFile; fileRef = F69BFD9D2C8966C70073775C /* AchieveRecordStore.swift */; };
		F69BFDA22C8967540073775C /* AchieveRecordAPI.swift in Sources */ = {isa = PBXBuildFile; fileRef = F69BFDA12C8967540073775C /* AchieveRecordAPI.swift */; };
		F69BFDA42C8968030073775C /* CoursesResponseModel.swift in Sources */ = {isa = PBXBuildFile; fileRef = F69BFDA32C8968030073775C /* CoursesResponseModel.swift */; };
		F69BFDA62C89703E0073775C /* RUAlert.swift in Sources */ = {isa = PBXBuildFile; fileRef = F69BFDA52C89703E0073775C /* RUAlert.swift */; };
		F69BFDA82C897DA90073775C /* AlertEnvironment.swift in Sources */ = {isa = PBXBuildFile; fileRef = F69BFDA72C897DA90073775C /* AlertEnvironment.swift */; };
		F69BFDAA2C8B64070073775C /* VersionResponseModel.swift in Sources */ = {isa = PBXBuildFile; fileRef = F69BFDA92C8B64070073775C /* VersionResponseModel.swift */; };
		F69BFDAC2C8B64DF0073775C /* SystemManager.swift in Sources */ = {isa = PBXBuildFile; fileRef = F69BFDAB2C8B64DF0073775C /* SystemManager.swift */; };
		F69D0F192C61E00500A598E1 /* Paddings.swift in Sources */ = {isa = PBXBuildFile; fileRef = F69D0F182C61E00500A598E1 /* Paddings.swift */; };
		F6AC52E02C662DEE00654820 /* UserDefaultManager.swift in Sources */ = {isa = PBXBuildFile; fileRef = F6AC52DF2C662DEE00654820 /* UserDefaultManager.swift */; };
		F6B9A33E2C63287400743FBE /* LoginResponseModel.swift in Sources */ = {isa = PBXBuildFile; fileRef = F6B9A33D2C63287400743FBE /* LoginResponseModel.swift */; };
		F6CE8A1C2CCF51EE0050A25A /* UINavigationController+extension.swift in Sources */ = {isa = PBXBuildFile; fileRef = F6CE8A1B2CCF51EE0050A25A /* UINavigationController+extension.swift */; };
		F6CE8A2B2CCFA2CA0050A25A /* RouteSegment.swift in Sources */ = {isa = PBXBuildFile; fileRef = F6CE8A2A2CCFA2CA0050A25A /* RouteSegment.swift */; };
		F6DAD3C02CB38DB400B459E6 /* RUTitle.swift in Sources */ = {isa = PBXBuildFile; fileRef = F6DAD3BF2CB38DB400B459E6 /* RUTitle.swift */; };
		F6EF88742C4E7FF5008EF2FD /* SplashView.swift in Sources */ = {isa = PBXBuildFile; fileRef = F6EF88732C4E7FF5008EF2FD /* SplashView.swift */; };
		F6EF88762C4E802E008EF2FD /* MainView.swift in Sources */ = {isa = PBXBuildFile; fileRef = F6EF88752C4E802E008EF2FD /* MainView.swift */; };
		F6EF88782C4E839A008EF2FD /* LoginView.swift in Sources */ = {isa = PBXBuildFile; fileRef = F6EF88772C4E839A008EF2FD /* LoginView.swift */; };
		F6EF887D2C4F7E46008EF2FD /* HomeView.swift in Sources */ = {isa = PBXBuildFile; fileRef = F6EF887C2C4F7E46008EF2FD /* HomeView.swift */; };
		F6F085652C58C4BE00994E34 /* PretendardVariable.ttf in Resources */ = {isa = PBXBuildFile; fileRef = F6F085642C58C4BE00994E34 /* PretendardVariable.ttf */; };
		F6F085732C59FAF700994E34 /* Fonts.swift in Sources */ = {isa = PBXBuildFile; fileRef = F6F085722C59FAF700994E34 /* Fonts.swift */; };
		F6F41B6E2C6900B6002EA1F5 /* SetGoalView.swift in Sources */ = {isa = PBXBuildFile; fileRef = F6F41B6D2C6900B6002EA1F5 /* SetGoalView.swift */; };
		F6F41B782C69C85A002EA1F5 /* GoalTextField.swift in Sources */ = {isa = PBXBuildFile; fileRef = F6F41B772C69C85A002EA1F5 /* GoalTextField.swift */; };
/* End PBXBuildFile section */

/* Begin PBXFileReference section */
		D90BE6662C6B6F7100999858 /* RunningView.swift */ = {isa = PBXFileReference; lastKnownFileType = sourcecode.swift; path = RunningView.swift; sourceTree = "<group>"; };
		D90CDD782C6A623F00197214 /* CountDownView.swift */ = {isa = PBXFileReference; lastKnownFileType = sourcecode.swift; path = CountDownView.swift; sourceTree = "<group>"; };
		D93975902C78D33B00507BAF /* RunningResultView.swift */ = {isa = PBXFileReference; lastKnownFileType = sourcecode.swift; path = RunningResultView.swift; sourceTree = "<group>"; };
		D93A94E42C4A372600BCCD00 /* RunUs.app */ = {isa = PBXFileReference; explicitFileType = wrapper.application; includeInIndex = 0; path = RunUs.app; sourceTree = BUILT_PRODUCTS_DIR; };
		D93A94E72C4A372600BCCD00 /* RunUsApp.swift */ = {isa = PBXFileReference; lastKnownFileType = sourcecode.swift; path = RunUsApp.swift; sourceTree = "<group>"; };
		D93A94EB2C4A372700BCCD00 /* Assets.xcassets */ = {isa = PBXFileReference; lastKnownFileType = folder.assetcatalog; path = Assets.xcassets; sourceTree = "<group>"; };
		D93A94EE2C4A372700BCCD00 /* Preview Assets.xcassets */ = {isa = PBXFileReference; lastKnownFileType = folder.assetcatalog; path = "Preview Assets.xcassets"; sourceTree = "<group>"; };
		D93AC4B02C8C53A900C1570F /* RunningMode.swift */ = {isa = PBXFileReference; lastKnownFileType = sourcecode.swift; path = RunningMode.swift; sourceTree = "<group>"; };
		D9417ACF2C8BFCC2008F8075 /* RunningResult.swift */ = {isa = PBXFileReference; lastKnownFileType = sourcecode.swift; path = RunningResult.swift; sourceTree = "<group>"; };
		D9417AD32C8BFDD7008F8075 /* RunningData.swift */ = {isa = PBXFileReference; lastKnownFileType = sourcecode.swift; path = RunningData.swift; sourceTree = "<group>"; };
		D9417AD62C8C000C008F8075 /* RunningResultAPI.swift */ = {isa = PBXFileReference; lastKnownFileType = sourcecode.swift; path = RunningResultAPI.swift; sourceTree = "<group>"; };
		D9417AD82C8C2B6B008F8075 /* Date+extension.swift */ = {isa = PBXFileReference; lastKnownFileType = sourcecode.swift; path = "Date+extension.swift"; sourceTree = "<group>"; };
		D95F830C2C6F5C9A000DCAA3 /* RunningFeature.swift */ = {isa = PBXFileReference; lastKnownFileType = sourcecode.swift; path = RunningFeature.swift; sourceTree = "<group>"; };
		D95F830E2C6F5F64000DCAA3 /* RunningStateManager.swift */ = {isa = PBXFileReference; lastKnownFileType = sourcecode.swift; path = RunningStateManager.swift; sourceTree = "<group>"; };
		D95F83122C6FAC76000DCAA3 /* Int+extension.swift */ = {isa = PBXFileReference; lastKnownFileType = sourcecode.swift; path = "Int+extension.swift"; sourceTree = "<group>"; };
		D95F83162C6FB079000DCAA3 /* LocationManagerDelegate.swift */ = {isa = PBXFileReference; lastKnownFileType = sourcecode.swift; path = LocationManagerDelegate.swift; sourceTree = "<group>"; };
		D97950A32C62831B00BDCD44 /* RUNavigationBar.swift */ = {isa = PBXFileReference; lastKnownFileType = sourcecode.swift; path = RUNavigationBar.swift; sourceTree = "<group>"; };
		D97950A52C62917400BDCD44 /* View+extension.swift */ = {isa = PBXFileReference; lastKnownFileType = sourcecode.swift; path = "View+extension.swift"; sourceTree = "<group>"; };
		D97D9FE32C6078BD00C663BD /* LocationManager.swift */ = {isa = PBXFileReference; lastKnownFileType = sourcecode.swift; path = LocationManager.swift; sourceTree = "<group>"; };
		D9842DD72C84646A002B145C /* RunningRecordStore.swift */ = {isa = PBXFileReference; lastKnownFileType = sourcecode.swift; path = RunningRecordStore.swift; sourceTree = "<group>"; };
		D9842DD92C8465A1002B145C /* RunningRecordDailyResponseModel.swift */ = {isa = PBXFileReference; lastKnownFileType = sourcecode.swift; path = RunningRecordDailyResponseModel.swift; sourceTree = "<group>"; };
		D9842DDF2C84AFE3002B145C /* DateFormatter+extension.swift */ = {isa = PBXFileReference; lastKnownFileType = sourcecode.swift; path = "DateFormatter+extension.swift"; sourceTree = "<group>"; };
		D9A65D0D2C7CCCE700FA33BF /* RunningResultFeature.swift */ = {isa = PBXFileReference; lastKnownFileType = sourcecode.swift; path = RunningResultFeature.swift; sourceTree = "<group>"; };
		D9A65D0F2C7CCD9400FA33BF /* Emotions.swift */ = {isa = PBXFileReference; lastKnownFileType = sourcecode.swift; path = Emotions.swift; sourceTree = "<group>"; };
		D9A65D112C7CCED900FA33BF /* ChallengeResult.swift */ = {isa = PBXFileReference; lastKnownFileType = sourcecode.swift; path = ChallengeResult.swift; sourceTree = "<group>"; };
		D9A65D132C7F3AF700FA33BF /* SelectRunningEmotionView.swift */ = {isa = PBXFileReference; lastKnownFileType = sourcecode.swift; path = SelectRunningEmotionView.swift; sourceTree = "<group>"; };
		D9D0B7172C4F553800D13160 /* RUError.swift */ = {isa = PBXFileReference; lastKnownFileType = sourcecode.swift; path = RUError.swift; sourceTree = "<group>"; };
		D9D0B7192C4F555500D13160 /* NetworkError.swift */ = {isa = PBXFileReference; lastKnownFileType = sourcecode.swift; path = NetworkError.swift; sourceTree = "<group>"; };
		D9D0B71B2C4F566E00D13160 /* NetworkService.swift */ = {isa = PBXFileReference; lastKnownFileType = sourcecode.swift; path = NetworkService.swift; sourceTree = "<group>"; };
		D9D0B71D2C4F570000D13160 /* NetworkEndpoint.swift */ = {isa = PBXFileReference; lastKnownFileType = sourcecode.swift; path = NetworkEndpoint.swift; sourceTree = "<group>"; };
		D9D0B71F2C4FE67D00D13160 /* ServerResponse.swift */ = {isa = PBXFileReference; lastKnownFileType = sourcecode.swift; path = ServerResponse.swift; sourceTree = "<group>"; };
		D9D0B7222C50BA7400D13160 /* ServerNetwork.swift */ = {isa = PBXFileReference; lastKnownFileType = sourcecode.swift; path = ServerNetwork.swift; sourceTree = "<group>"; };
		D9D0B7242C50BC5800D13160 /* ServerEndpoint.swift */ = {isa = PBXFileReference; lastKnownFileType = sourcecode.swift; path = ServerEndpoint.swift; sourceTree = "<group>"; };
		D9D4387B2C7F488E00F3E079 /* RunningRecordView.swift */ = {isa = PBXFileReference; lastKnownFileType = sourcecode.swift; path = RunningRecordView.swift; sourceTree = "<group>"; };
		D9D4387D2C7F506B00F3E079 /* RUCalendar.swift */ = {isa = PBXFileReference; lastKnownFileType = sourcecode.swift; path = RUCalendar.swift; sourceTree = "<group>"; };
		D9E704AF2C649AFE00212FF0 /* TodayChallenge.swift */ = {isa = PBXFileReference; lastKnownFileType = sourcecode.swift; path = TodayChallenge.swift; sourceTree = "<group>"; };
		D9F5B8562C60D151009CEB19 /* Bundle+extension.swift */ = {isa = PBXFileReference; lastKnownFileType = sourcecode.swift; path = "Bundle+extension.swift"; sourceTree = "<group>"; };
		D9F5B8592C60EDD0009CEB19 /* RunAloneView.swift */ = {isa = PBXFileReference; lastKnownFileType = sourcecode.swift; path = RunAloneView.swift; sourceTree = "<group>"; };
		D9F5B85B2C60EE1E009CEB19 /* RunAloneFeature.swift */ = {isa = PBXFileReference; lastKnownFileType = sourcecode.swift; path = RunAloneFeature.swift; sourceTree = "<group>"; };
		F6016DC42CC51F2600FB637F /* WithdrawResponseModel.swift */ = {isa = PBXFileReference; lastKnownFileType = sourcecode.swift; path = WithdrawResponseModel.swift; sourceTree = "<group>"; };
		F605C0D32CD6644200562EAF /* LoadingManager.swift */ = {isa = PBXFileReference; lastKnownFileType = sourcecode.swift; path = LoadingManager.swift; sourceTree = "<group>"; };
		F605C0D52CD6683400562EAF /* LoadingView.swift */ = {isa = PBXFileReference; lastKnownFileType = sourcecode.swift; path = LoadingView.swift; sourceTree = "<group>"; };
		F611B2192C7CB04100797470 /* AuthorizationManager.swift */ = {isa = PBXFileReference; lastKnownFileType = sourcecode.swift; path = AuthorizationManager.swift; sourceTree = "<group>"; };
		F611B21B2C7E1A7300797470 /* HomeStore.swift */ = {isa = PBXFileReference; lastKnownFileType = sourcecode.swift; path = HomeStore.swift; sourceTree = "<group>"; };
		F611B21F2C7E1FBE00797470 /* WeatherResponseModel.swift */ = {isa = PBXFileReference; lastKnownFileType = sourcecode.swift; path = WeatherResponseModel.swift; sourceTree = "<group>"; };
		F611B2252C7E275C00797470 /* MonthlySummaryResponseModel.swift */ = {isa = PBXFileReference; lastKnownFileType = sourcecode.swift; path = MonthlySummaryResponseModel.swift; sourceTree = "<group>"; };
		F6133EAD2C6DB29600F3ECE5 /* RUButton.swift */ = {isa = PBXFileReference; lastKnownFileType = sourcecode.swift; path = RUButton.swift; sourceTree = "<group>"; };
		F62A4A002C9807D700E1B011 /* RunningStartInfo.swift */ = {isa = PBXFileReference; lastKnownFileType = sourcecode.swift; path = RunningStartInfo.swift; sourceTree = "<group>"; };
		F634D2C12CB778D20014EDB6 /* RunningSummaryView.swift */ = {isa = PBXFileReference; lastKnownFileType = sourcecode.swift; path = RunningSummaryView.swift; sourceTree = "<group>"; };
		F634D2C32CB780E80014EDB6 /* RunningSummaryStore.swift */ = {isa = PBXFileReference; lastKnownFileType = sourcecode.swift; path = RunningSummaryStore.swift; sourceTree = "<group>"; };
		F634D2C52CB781210014EDB6 /* RunningSummaryAPI.swift */ = {isa = PBXFileReference; lastKnownFileType = sourcecode.swift; path = RunningSummaryAPI.swift; sourceTree = "<group>"; };
		F634D2C72CB7819F0014EDB6 /* WeeklySummaryResponseModel.swift */ = {isa = PBXFileReference; lastKnownFileType = sourcecode.swift; path = WeeklySummaryResponseModel.swift; sourceTree = "<group>"; };
		F634D2C92CB784EE0014EDB6 /* SummaryTypes.swift */ = {isa = PBXFileReference; lastKnownFileType = sourcecode.swift; path = SummaryTypes.swift; sourceTree = "<group>"; };
		F634D2D32CBF6A2C0014EDB6 /* Double+extension.swift */ = {isa = PBXFileReference; lastKnownFileType = sourcecode.swift; path = "Double+extension.swift"; sourceTree = "<group>"; };
		F63B81612C6F1A7E002F45F4 /* SetGoalStore.swift */ = {isa = PBXFileReference; lastKnownFileType = sourcecode.swift; path = SetGoalStore.swift; sourceTree = "<group>"; };
		F63B81662C710573002F45F4 /* String+extension.swift */ = {isa = PBXFileReference; lastKnownFileType = sourcecode.swift; path = "String+extension.swift"; sourceTree = "<group>"; };
		F63B81692C71F50C002F45F4 /* MyRecordView.swift */ = {isa = PBXFileReference; lastKnownFileType = sourcecode.swift; path = MyRecordView.swift; sourceTree = "<group>"; };
		F63BAA452C84399F00DCE9EC /* RUTabBar.swift */ = {isa = PBXFileReference; lastKnownFileType = sourcecode.swift; path = RUTabBar.swift; sourceTree = "<group>"; };
		F63BAA4A2C84A9A700DCE9EC /* AchieveRecordView.swift */ = {isa = PBXFileReference; lastKnownFileType = sourcecode.swift; path = AchieveRecordView.swift; sourceTree = "<group>"; };
		F63BAA4E2C8588F800DCE9EC /* WeatherParametersModel.swift */ = {isa = PBXFileReference; lastKnownFileType = sourcecode.swift; path = WeatherParametersModel.swift; sourceTree = "<group>"; };
		F63BAA502C86C8E900DCE9EC /* ViewEnvironment.swift */ = {isa = PBXFileReference; lastKnownFileType = sourcecode.swift; path = ViewEnvironment.swift; sourceTree = "<group>"; };
		F64FBE292C566AE00024E920 /* Pretendard-Bold.otf */ = {isa = PBXFileReference; lastKnownFileType = file; path = "Pretendard-Bold.otf"; sourceTree = "<group>"; };
		F64FBE2A2C566AE00024E920 /* Pretendard-Regular.otf */ = {isa = PBXFileReference; lastKnownFileType = file; path = "Pretendard-Regular.otf"; sourceTree = "<group>"; };
		F64FBE2B2C566AE00024E920 /* Pretendard-Black.otf */ = {isa = PBXFileReference; lastKnownFileType = file; path = "Pretendard-Black.otf"; sourceTree = "<group>"; };
		F64FBE2C2C566AE00024E920 /* Pretendard-ExtraLight.otf */ = {isa = PBXFileReference; lastKnownFileType = file; path = "Pretendard-ExtraLight.otf"; sourceTree = "<group>"; };
		F64FBE2D2C566AE00024E920 /* Pretendard-Medium.otf */ = {isa = PBXFileReference; lastKnownFileType = file; path = "Pretendard-Medium.otf"; sourceTree = "<group>"; };
		F64FBE2E2C566AE10024E920 /* Pretendard-Thin.otf */ = {isa = PBXFileReference; lastKnownFileType = file; path = "Pretendard-Thin.otf"; sourceTree = "<group>"; };
		F64FBE2F2C566AE10024E920 /* Pretendard-SemiBold.otf */ = {isa = PBXFileReference; lastKnownFileType = file; path = "Pretendard-SemiBold.otf"; sourceTree = "<group>"; };
		F64FBE302C566AE10024E920 /* Pretendard-Light.otf */ = {isa = PBXFileReference; lastKnownFileType = file; path = "Pretendard-Light.otf"; sourceTree = "<group>"; };
		F64FBE312C566AE10024E920 /* Pretendard-ExtraBold.otf */ = {isa = PBXFileReference; lastKnownFileType = file; path = "Pretendard-ExtraBold.otf"; sourceTree = "<group>"; };
		F64FBE3B2C566B110024E920 /* Info.plist */ = {isa = PBXFileReference; lastKnownFileType = text.plist; path = Info.plist; sourceTree = "<group>"; };
		F65033C42C731EC500C81DA6 /* RecordMenus.swift */ = {isa = PBXFileReference; lastKnownFileType = sourcecode.swift; path = RecordMenus.swift; sourceTree = "<group>"; };
		F65033CC2C74585500C81DA6 /* BadgesResponseModel.swift */ = {isa = PBXFileReference; lastKnownFileType = sourcecode.swift; path = BadgesResponseModel.swift; sourceTree = "<group>"; };
		F65033D02C747DB000C81DA6 /* MyRecordStore.swift */ = {isa = PBXFileReference; lastKnownFileType = sourcecode.swift; path = MyRecordStore.swift; sourceTree = "<group>"; };
		F65033D42C747ECA00C81DA6 /* MyRecordAPI.swift */ = {isa = PBXFileReference; lastKnownFileType = sourcecode.swift; path = MyRecordAPI.swift; sourceTree = "<group>"; };
		F65033D62C747F1E00C81DA6 /* ProfileResponseModel.swift */ = {isa = PBXFileReference; lastKnownFileType = sourcecode.swift; path = ProfileResponseModel.swift; sourceTree = "<group>"; };
		F65033D82C75D21800C81DA6 /* WithdrawRequestModel.swift */ = {isa = PBXFileReference; lastKnownFileType = sourcecode.swift; path = WithdrawRequestModel.swift; sourceTree = "<group>"; };
		F65033DA2C75D51500C81DA6 /* LoginAPI.swift */ = {isa = PBXFileReference; lastKnownFileType = sourcecode.swift; path = LoginAPI.swift; sourceTree = "<group>"; };
		F65033DE2C7856AA00C81DA6 /* SignUpRequestModel.swift */ = {isa = PBXFileReference; lastKnownFileType = sourcecode.swift; path = SignUpRequestModel.swift; sourceTree = "<group>"; };
		F65033E02C7856B300C81DA6 /* SignInRequestModel.swift */ = {isa = PBXFileReference; lastKnownFileType = sourcecode.swift; path = SignInRequestModel.swift; sourceTree = "<group>"; };
		F65ACDC92CC752E200C67DD1 /* RUProgress.swift */ = {isa = PBXFileReference; lastKnownFileType = sourcecode.swift; path = RUProgress.swift; sourceTree = "<group>"; };
		F65ACDCC2CC8C76600C67DD1 /* MyBadgeView.swift */ = {isa = PBXFileReference; lastKnownFileType = sourcecode.swift; path = MyBadgeView.swift; sourceTree = "<group>"; };
		F65ACDCE2CC8CF8300C67DD1 /* RUBadgeList.swift */ = {isa = PBXFileReference; lastKnownFileType = sourcecode.swift; path = RUBadgeList.swift; sourceTree = "<group>"; };
		F664670A2CA3F01500508369 /* GoalResult.swift */ = {isa = PBXFileReference; lastKnownFileType = sourcecode.swift; path = GoalResult.swift; sourceTree = "<group>"; };
		F66467102CA408BA00508369 /* RunningRecordAPI.swift */ = {isa = PBXFileReference; lastKnownFileType = sourcecode.swift; path = RunningRecordAPI.swift; sourceTree = "<group>"; };
		F66467122CA40E9500508369 /* RunningRecordMonthlyResponseModel.swift */ = {isa = PBXFileReference; lastKnownFileType = sourcecode.swift; path = RunningRecordMonthlyResponseModel.swift; sourceTree = "<group>"; };
		F66467142CA411E200508369 /* RUChallengeList.swift */ = {isa = PBXFileReference; lastKnownFileType = sourcecode.swift; path = RUChallengeList.swift; sourceTree = "<group>"; };
		F66467162CA52E0600508369 /* RunningRecord.swift */ = {isa = PBXFileReference; lastKnownFileType = sourcecode.swift; path = RunningRecord.swift; sourceTree = "<group>"; };
		F66467182CA7E4A900508369 /* RUTypeButtons.swift */ = {isa = PBXFileReference; lastKnownFileType = sourcecode.swift; path = RUTypeButtons.swift; sourceTree = "<group>"; };
		F66C5C842C5B30F400EE695A /* RunUs.entitlements */ = {isa = PBXFileReference; lastKnownFileType = text.plist.entitlements; path = RunUs.entitlements; sourceTree = "<group>"; };
		F66C5C892C5B3CD500EE695A /* LoginStore.swift */ = {isa = PBXFileReference; lastKnownFileType = sourcecode.swift; path = LoginStore.swift; sourceTree = "<group>"; };
		F67484372CAE53D200AA5256 /* MainStore.swift */ = {isa = PBXFileReference; lastKnownFileType = sourcecode.swift; path = MainStore.swift; sourceTree = "<group>"; };
		F67484392CAE53DA00AA5256 /* MainAPI.swift */ = {isa = PBXFileReference; lastKnownFileType = sourcecode.swift; path = MainAPI.swift; sourceTree = "<group>"; };
		F680B9E92C8DF51E00478E30 /* RunningRecordResponseModel.swift */ = {isa = PBXFileReference; lastKnownFileType = sourcecode.swift; path = RunningRecordResponseModel.swift; sourceTree = "<group>"; };
		F69BFD9D2C8966C70073775C /* AchieveRecordStore.swift */ = {isa = PBXFileReference; lastKnownFileType = sourcecode.swift; path = AchieveRecordStore.swift; sourceTree = "<group>"; };
		F69BFDA12C8967540073775C /* AchieveRecordAPI.swift */ = {isa = PBXFileReference; lastKnownFileType = sourcecode.swift; path = AchieveRecordAPI.swift; sourceTree = "<group>"; };
		F69BFDA32C8968030073775C /* CoursesResponseModel.swift */ = {isa = PBXFileReference; lastKnownFileType = sourcecode.swift; path = CoursesResponseModel.swift; sourceTree = "<group>"; };
		F69BFDA52C89703E0073775C /* RUAlert.swift */ = {isa = PBXFileReference; lastKnownFileType = sourcecode.swift; path = RUAlert.swift; sourceTree = "<group>"; };
		F69BFDA72C897DA90073775C /* AlertEnvironment.swift */ = {isa = PBXFileReference; lastKnownFileType = sourcecode.swift; path = AlertEnvironment.swift; sourceTree = "<group>"; };
		F69BFDA92C8B64070073775C /* VersionResponseModel.swift */ = {isa = PBXFileReference; lastKnownFileType = sourcecode.swift; path = VersionResponseModel.swift; sourceTree = "<group>"; };
		F69BFDAB2C8B64DF0073775C /* SystemManager.swift */ = {isa = PBXFileReference; lastKnownFileType = sourcecode.swift; path = SystemManager.swift; sourceTree = "<group>"; };
		F69D0F182C61E00500A598E1 /* Paddings.swift */ = {isa = PBXFileReference; lastKnownFileType = sourcecode.swift; path = Paddings.swift; sourceTree = "<group>"; };
		F6AC52DF2C662DEE00654820 /* UserDefaultManager.swift */ = {isa = PBXFileReference; lastKnownFileType = sourcecode.swift; path = UserDefaultManager.swift; sourceTree = "<group>"; };
		F6B9A33D2C63287400743FBE /* LoginResponseModel.swift */ = {isa = PBXFileReference; lastKnownFileType = sourcecode.swift; path = LoginResponseModel.swift; sourceTree = "<group>"; };
		F6CE8A1B2CCF51EE0050A25A /* UINavigationController+extension.swift */ = {isa = PBXFileReference; lastKnownFileType = sourcecode.swift; path = "UINavigationController+extension.swift"; sourceTree = "<group>"; };
		F6CE8A2A2CCFA2CA0050A25A /* RouteSegment.swift */ = {isa = PBXFileReference; lastKnownFileType = sourcecode.swift; path = RouteSegment.swift; sourceTree = "<group>"; };
		F6DAD3BF2CB38DB400B459E6 /* RUTitle.swift */ = {isa = PBXFileReference; lastKnownFileType = sourcecode.swift; path = RUTitle.swift; sourceTree = "<group>"; };
		F6EF88732C4E7FF5008EF2FD /* SplashView.swift */ = {isa = PBXFileReference; lastKnownFileType = sourcecode.swift; path = SplashView.swift; sourceTree = "<group>"; };
		F6EF88752C4E802E008EF2FD /* MainView.swift */ = {isa = PBXFileReference; lastKnownFileType = sourcecode.swift; path = MainView.swift; sourceTree = "<group>"; };
		F6EF88772C4E839A008EF2FD /* LoginView.swift */ = {isa = PBXFileReference; lastKnownFileType = sourcecode.swift; path = LoginView.swift; sourceTree = "<group>"; };
		F6EF887C2C4F7E46008EF2FD /* HomeView.swift */ = {isa = PBXFileReference; lastKnownFileType = sourcecode.swift; path = HomeView.swift; sourceTree = "<group>"; };
		F6F085642C58C4BE00994E34 /* PretendardVariable.ttf */ = {isa = PBXFileReference; lastKnownFileType = file; path = PretendardVariable.ttf; sourceTree = "<group>"; };
		F6F085722C59FAF700994E34 /* Fonts.swift */ = {isa = PBXFileReference; lastKnownFileType = sourcecode.swift; path = Fonts.swift; sourceTree = "<group>"; };
		F6F41B6D2C6900B6002EA1F5 /* SetGoalView.swift */ = {isa = PBXFileReference; lastKnownFileType = sourcecode.swift; path = SetGoalView.swift; sourceTree = "<group>"; };
		F6F41B772C69C85A002EA1F5 /* GoalTextField.swift */ = {isa = PBXFileReference; lastKnownFileType = sourcecode.swift; path = GoalTextField.swift; sourceTree = "<group>"; };
/* End PBXFileReference section */

/* Begin PBXFrameworksBuildPhase section */
		D93A94E12C4A372600BCCD00 /* Frameworks */ = {
			isa = PBXFrameworksBuildPhase;
			buildActionMask = 2147483647;
			files = (
				F66C5C872C5B3C0700EE695A /* ComposableArchitecture in Frameworks */,
			);
			runOnlyForDeploymentPostprocessing = 0;
		};
/* End PBXFrameworksBuildPhase section */

/* Begin PBXGroup section */
		D90BE6652C6B6F4200999858 /* Running */ = {
			isa = PBXGroup;
			children = (
				F62A4A002C9807D700E1B011 /* RunningStartInfo.swift */,
				D90CDD782C6A623F00197214 /* CountDownView.swift */,
				D90BE6662C6B6F7100999858 /* RunningView.swift */,
				D95F830C2C6F5C9A000DCAA3 /* RunningFeature.swift */,
				D95F830E2C6F5F64000DCAA3 /* RunningStateManager.swift */,
				D9A65D132C7F3AF700FA33BF /* SelectRunningEmotionView.swift */,
				F6CE8A2A2CCFA2CA0050A25A /* RouteSegment.swift */,
			);
			path = Running;
			sourceTree = "<group>";
		};
		D939758F2C78D31D00507BAF /* RunningResult */ = {
			isa = PBXGroup;
			children = (
				D93975902C78D33B00507BAF /* RunningResultView.swift */,
				D9A65D0D2C7CCCE700FA33BF /* RunningResultFeature.swift */,
				D9417AD62C8C000C008F8075 /* RunningResultAPI.swift */,
				D9417ACF2C8BFCC2008F8075 /* RunningResult.swift */,
				D9A65D0F2C7CCD9400FA33BF /* Emotions.swift */,
				D9A65D112C7CCED900FA33BF /* ChallengeResult.swift */,
				F664670A2CA3F01500508369 /* GoalResult.swift */,
				D9417AD32C8BFDD7008F8075 /* RunningData.swift */,
				F680B9E92C8DF51E00478E30 /* RunningRecordResponseModel.swift */,
			);
			path = RunningResult;
			sourceTree = "<group>";
		};
		D93A94DB2C4A372600BCCD00 = {
			isa = PBXGroup;
			children = (
				D93A94E62C4A372600BCCD00 /* RunUs */,
				D93A94E52C4A372600BCCD00 /* Products */,
			);
			sourceTree = "<group>";
		};
		D93A94E52C4A372600BCCD00 /* Products */ = {
			isa = PBXGroup;
			children = (
				D93A94E42C4A372600BCCD00 /* RunUs.app */,
			);
			name = Products;
			sourceTree = "<group>";
		};
		D93A94E62C4A372600BCCD00 /* RunUs */ = {
			isa = PBXGroup;
			children = (
				F66C5C842C5B30F400EE695A /* RunUs.entitlements */,
				F64FBE3B2C566B110024E920 /* Info.plist */,
				D93A94E72C4A372600BCCD00 /* RunUsApp.swift */,
				D9D0B7532C5D473E00D13160 /* Core */,
				F67484362CAE53BC00AA5256 /* Main */,
				D9D0B7502C5D46CA00D13160 /* Login */,
				D9D0B7522C5D471800D13160 /* Home */,
				D9F5B8582C60ED63009CEB19 /* RunAlone */,
				F63B81682C71F4A3002F45F4 /* Record */,
				F6F41B6C2C690091002EA1F5 /* SetGoal */,
				D90BE6652C6B6F4200999858 /* Running */,
				D939758F2C78D31D00507BAF /* RunningResult */,
				D9D0B7162C4F549D00D13160 /* Network */,
				F6F085662C58C90200994E34 /* Resource */,
				D93A94EB2C4A372700BCCD00 /* Assets.xcassets */,
				D93A94ED2C4A372700BCCD00 /* Preview Content */,
			);
			path = RunUs;
			sourceTree = "<group>";
		};
		D93A94ED2C4A372700BCCD00 /* Preview Content */ = {
			isa = PBXGroup;
			children = (
				D93A94EE2C4A372700BCCD00 /* Preview Assets.xcassets */,
			);
			path = "Preview Content";
			sourceTree = "<group>";
		};
		D9842DD62C846450002B145C /* RunningRecord */ = {
			isa = PBXGroup;
			children = (
				D9D4387B2C7F488E00F3E079 /* RunningRecordView.swift */,
				D9842DD72C84646A002B145C /* RunningRecordStore.swift */,
				F66467102CA408BA00508369 /* RunningRecordAPI.swift */,
				F66467162CA52E0600508369 /* RunningRecord.swift */,
				D9842DD92C8465A1002B145C /* RunningRecordDailyResponseModel.swift */,
				F66467122CA40E9500508369 /* RunningRecordMonthlyResponseModel.swift */,
			);
			path = RunningRecord;
			sourceTree = "<group>";
		};
		D9D0B7162C4F549D00D13160 /* Network */ = {
			isa = PBXGroup;
			children = (
				D9D0B7262C50C42400D13160 /* Server */,
				D9D0B7192C4F555500D13160 /* NetworkError.swift */,
				D9D0B71B2C4F566E00D13160 /* NetworkService.swift */,
				D9D0B71D2C4F570000D13160 /* NetworkEndpoint.swift */,
			);
			path = Network;
			sourceTree = "<group>";
		};
		D9D0B7262C50C42400D13160 /* Server */ = {
			isa = PBXGroup;
			children = (
				D9D0B7222C50BA7400D13160 /* ServerNetwork.swift */,
				D9D0B7242C50BC5800D13160 /* ServerEndpoint.swift */,
				D9D0B71F2C4FE67D00D13160 /* ServerResponse.swift */,
			);
			path = Server;
			sourceTree = "<group>";
		};
		D9D0B7502C5D46CA00D13160 /* Login */ = {
			isa = PBXGroup;
			children = (
				F6EF88772C4E839A008EF2FD /* LoginView.swift */,
				F66C5C892C5B3CD500EE695A /* LoginStore.swift */,
				F65033DA2C75D51500C81DA6 /* LoginAPI.swift */,
				F65033DE2C7856AA00C81DA6 /* SignUpRequestModel.swift */,
				F65033E02C7856B300C81DA6 /* SignInRequestModel.swift */,
				F6B9A33D2C63287400743FBE /* LoginResponseModel.swift */,
			);
			path = Login;
			sourceTree = "<group>";
		};
		D9D0B7512C5D46F900D13160 /* View */ = {
			isa = PBXGroup;
			children = (
				F6EF88732C4E7FF5008EF2FD /* SplashView.swift */,
				F605C0D52CD6683400562EAF /* LoadingView.swift */,
			);
			path = View;
			sourceTree = "<group>";
		};
		D9D0B7522C5D471800D13160 /* Home */ = {
			isa = PBXGroup;
			children = (
				F6EF887C2C4F7E46008EF2FD /* HomeView.swift */,
				F611B21B2C7E1A7300797470 /* HomeStore.swift */,
				F63BAA4E2C8588F800DCE9EC /* WeatherParametersModel.swift */,
				F611B21F2C7E1FBE00797470 /* WeatherResponseModel.swift */,
				F611B2252C7E275C00797470 /* MonthlySummaryResponseModel.swift */,
			);
			path = Home;
			sourceTree = "<group>";
		};
		D9D0B7532C5D473E00D13160 /* Core */ = {
			isa = PBXGroup;
			children = (
				D9F5B8552C60D141009CEB19 /* Extension */,
				D9D0B7512C5D46F900D13160 /* View */,
				F664670C2CA3F06100508369 /* Component */,
				D9D0B7172C4F553800D13160 /* RUError.swift */,
				D9E704AF2C649AFE00212FF0 /* TodayChallenge.swift */,
				F69BFDAB2C8B64DF0073775C /* SystemManager.swift */,
				F6AC52DF2C662DEE00654820 /* UserDefaultManager.swift */,
				D97D9FE32C6078BD00C663BD /* LocationManager.swift */,
				D95F83162C6FB079000DCAA3 /* LocationManagerDelegate.swift */,
				F69BFDA72C897DA90073775C /* AlertEnvironment.swift */,
				F63BAA502C86C8E900DCE9EC /* ViewEnvironment.swift */,
				F69BFDA92C8B64070073775C /* VersionResponseModel.swift */,
				F605C0D32CD6644200562EAF /* LoadingManager.swift */,
			);
			path = Core;
			sourceTree = "<group>";
		};
		D9F5B8552C60D141009CEB19 /* Extension */ = {
			isa = PBXGroup;
			children = (
				D9F5B8562C60D151009CEB19 /* Bundle+extension.swift */,
				D97950A52C62917400BDCD44 /* View+extension.swift */,
				D95F83122C6FAC76000DCAA3 /* Int+extension.swift */,
				F634D2D32CBF6A2C0014EDB6 /* Double+extension.swift */,
				F63B81662C710573002F45F4 /* String+extension.swift */,
				D9417AD82C8C2B6B008F8075 /* Date+extension.swift */,
				D9842DDF2C84AFE3002B145C /* DateFormatter+extension.swift */,
				F6CE8A1B2CCF51EE0050A25A /* UINavigationController+extension.swift */,
			);
			path = Extension;
			sourceTree = "<group>";
		};
		D9F5B8582C60ED63009CEB19 /* RunAlone */ = {
			isa = PBXGroup;
			children = (
				D9F5B8592C60EDD0009CEB19 /* RunAloneView.swift */,
				D9F5B85B2C60EE1E009CEB19 /* RunAloneFeature.swift */,
				D93AC4B02C8C53A900C1570F /* RunningMode.swift */,
			);
			path = RunAlone;
			sourceTree = "<group>";
		};
		F634D2BD2CB778A20014EDB6 /* RunningSummary */ = {
			isa = PBXGroup;
			children = (
				F634D2C12CB778D20014EDB6 /* RunningSummaryView.swift */,
				F634D2C32CB780E80014EDB6 /* RunningSummaryStore.swift */,
				F634D2C52CB781210014EDB6 /* RunningSummaryAPI.swift */,
				F634D2C92CB784EE0014EDB6 /* SummaryTypes.swift */,
				F634D2C72CB7819F0014EDB6 /* WeeklySummaryResponseModel.swift */,
			);
			path = RunningSummary;
			sourceTree = "<group>";
		};
		F63B81682C71F4A3002F45F4 /* Record */ = {
			isa = PBXGroup;
			children = (
				F63B81692C71F50C002F45F4 /* MyRecordView.swift */,
				F65033D02C747DB000C81DA6 /* MyRecordStore.swift */,
				F65033D42C747ECA00C81DA6 /* MyRecordAPI.swift */,
				F611B2192C7CB04100797470 /* AuthorizationManager.swift */,
				F65033C42C731EC500C81DA6 /* RecordMenus.swift */,
				F65033D62C747F1E00C81DA6 /* ProfileResponseModel.swift */,
				F65033CC2C74585500C81DA6 /* BadgesResponseModel.swift */,
				F65033D82C75D21800C81DA6 /* WithdrawRequestModel.swift */,
				F6016DC42CC51F2600FB637F /* WithdrawResponseModel.swift */,
				D9842DD62C846450002B145C /* RunningRecord */,
				F634D2BD2CB778A20014EDB6 /* RunningSummary */,
				F63BAA492C84A98900DCE9EC /* AchieveRecord */,
				F65ACDCB2CC8C72400C67DD1 /* MyBadge */,
			);
			path = Record;
			sourceTree = "<group>";
		};
		F63BAA492C84A98900DCE9EC /* AchieveRecord */ = {
			isa = PBXGroup;
			children = (
				F63BAA4A2C84A9A700DCE9EC /* AchieveRecordView.swift */,
				F69BFD9D2C8966C70073775C /* AchieveRecordStore.swift */,
				F69BFDA12C8967540073775C /* AchieveRecordAPI.swift */,
				F69BFDA32C8968030073775C /* CoursesResponseModel.swift */,
			);
			path = AchieveRecord;
			sourceTree = "<group>";
		};
		F64FBE272C566AAC0024E920 /* Fonts */ = {
			isa = PBXGroup;
			children = (
				F64FBE282C566AB20024E920 /* Pretendard */,
				F6F085722C59FAF700994E34 /* Fonts.swift */,
			);
			path = Fonts;
			sourceTree = "<group>";
		};
		F64FBE282C566AB20024E920 /* Pretendard */ = {
			isa = PBXGroup;
			children = (
				F64FBE2B2C566AE00024E920 /* Pretendard-Black.otf */,
				F64FBE292C566AE00024E920 /* Pretendard-Bold.otf */,
				F64FBE312C566AE10024E920 /* Pretendard-ExtraBold.otf */,
				F64FBE2C2C566AE00024E920 /* Pretendard-ExtraLight.otf */,
				F64FBE302C566AE10024E920 /* Pretendard-Light.otf */,
				F64FBE2D2C566AE00024E920 /* Pretendard-Medium.otf */,
				F64FBE2A2C566AE00024E920 /* Pretendard-Regular.otf */,
				F64FBE2F2C566AE10024E920 /* Pretendard-SemiBold.otf */,
				F64FBE2E2C566AE10024E920 /* Pretendard-Thin.otf */,
				F6F085642C58C4BE00994E34 /* PretendardVariable.ttf */,
			);
			path = Pretendard;
			sourceTree = "<group>";
		};
		F65ACDCB2CC8C72400C67DD1 /* MyBadge */ = {
			isa = PBXGroup;
			children = (
				F65ACDCC2CC8C76600C67DD1 /* MyBadgeView.swift */,
			);
			path = MyBadge;
			sourceTree = "<group>";
		};
		F664670C2CA3F06100508369 /* Component */ = {
			isa = PBXGroup;
			children = (
				F69BFDA52C89703E0073775C /* RUAlert.swift */,
				F6133EAD2C6DB29600F3ECE5 /* RUButton.swift */,
				F63BAA452C84399F00DCE9EC /* RUTabBar.swift */,
				D97950A32C62831B00BDCD44 /* RUNavigationBar.swift */,
				D9D4387D2C7F506B00F3E079 /* RUCalendar.swift */,
				F66467142CA411E200508369 /* RUChallengeList.swift */,
				F66467182CA7E4A900508369 /* RUTypeButtons.swift */,
				F6DAD3BF2CB38DB400B459E6 /* RUTitle.swift */,
				F65ACDC92CC752E200C67DD1 /* RUProgress.swift */,
				F65ACDCE2CC8CF8300C67DD1 /* RUBadgeList.swift */,
			);
			path = Component;
			sourceTree = "<group>";
		};
		F67484362CAE53BC00AA5256 /* Main */ = {
			isa = PBXGroup;
			children = (
				F6EF88752C4E802E008EF2FD /* MainView.swift */,
				F67484372CAE53D200AA5256 /* MainStore.swift */,
				F67484392CAE53DA00AA5256 /* MainAPI.swift */,
			);
			path = Main;
			sourceTree = "<group>";
		};
		F6F085662C58C90200994E34 /* Resource */ = {
			isa = PBXGroup;
			children = (
				F69D0F182C61E00500A598E1 /* Paddings.swift */,
				F64FBE272C566AAC0024E920 /* Fonts */,
			);
			path = Resource;
			sourceTree = "<group>";
		};
		F6F41B6C2C690091002EA1F5 /* SetGoal */ = {
			isa = PBXGroup;
			children = (
				F6F41B6D2C6900B6002EA1F5 /* SetGoalView.swift */,
				F63B81612C6F1A7E002F45F4 /* SetGoalStore.swift */,
				F6F41B772C69C85A002EA1F5 /* GoalTextField.swift */,
			);
			path = SetGoal;
			sourceTree = "<group>";
		};
/* End PBXGroup section */

/* Begin PBXNativeTarget section */
		D93A94E32C4A372600BCCD00 /* RunUs */ = {
			isa = PBXNativeTarget;
			buildConfigurationList = D93A94F22C4A372700BCCD00 /* Build configuration list for PBXNativeTarget "RunUs" */;
			buildPhases = (
				D93A94E02C4A372600BCCD00 /* Sources */,
				D93A94E12C4A372600BCCD00 /* Frameworks */,
				D93A94E22C4A372600BCCD00 /* Resources */,
			);
			buildRules = (
			);
			dependencies = (
			);
			name = RunUs;
			packageProductDependencies = (
				F66C5C862C5B3C0700EE695A /* ComposableArchitecture */,
			);
			productName = RunUs;
			productReference = D93A94E42C4A372600BCCD00 /* RunUs.app */;
			productType = "com.apple.product-type.application";
		};
/* End PBXNativeTarget section */

/* Begin PBXProject section */
		D93A94DC2C4A372600BCCD00 /* Project object */ = {
			isa = PBXProject;
			attributes = {
				BuildIndependentTargetsInParallel = 1;
				LastSwiftUpdateCheck = 1500;
				LastUpgradeCheck = 1540;
				TargetAttributes = {
					D93A94E32C4A372600BCCD00 = {
						CreatedOnToolsVersion = 15.0.1;
					};
				};
			};
			buildConfigurationList = D93A94DF2C4A372600BCCD00 /* Build configuration list for PBXProject "RunUs" */;
			compatibilityVersion = "Xcode 14.0";
			developmentRegion = en;
			hasScannedForEncodings = 0;
			knownRegions = (
				en,
				Base,
			);
			mainGroup = D93A94DB2C4A372600BCCD00;
			packageReferences = (
				F66C5C852C5B3C0700EE695A /* XCRemoteSwiftPackageReference "swift-composable-architecture" */,
			);
			productRefGroup = D93A94E52C4A372600BCCD00 /* Products */;
			projectDirPath = "";
			projectRoot = "";
			targets = (
				D93A94E32C4A372600BCCD00 /* RunUs */,
			);
		};
/* End PBXProject section */

/* Begin PBXResourcesBuildPhase section */
		D93A94E22C4A372600BCCD00 /* Resources */ = {
			isa = PBXResourcesBuildPhase;
			buildActionMask = 2147483647;
			files = (
				F64FBE362C566AE10024E920 /* Pretendard-Medium.otf in Resources */,
				F64FBE352C566AE10024E920 /* Pretendard-ExtraLight.otf in Resources */,
				D93A94EF2C4A372700BCCD00 /* Preview Assets.xcassets in Resources */,
				F64FBE392C566AE10024E920 /* Pretendard-Light.otf in Resources */,
				F64FBE372C566AE10024E920 /* Pretendard-Thin.otf in Resources */,
				F6F085652C58C4BE00994E34 /* PretendardVariable.ttf in Resources */,
				F64FBE332C566AE10024E920 /* Pretendard-Regular.otf in Resources */,
				F64FBE3A2C566AE10024E920 /* Pretendard-ExtraBold.otf in Resources */,
				F64FBE322C566AE10024E920 /* Pretendard-Bold.otf in Resources */,
				F64FBE382C566AE10024E920 /* Pretendard-SemiBold.otf in Resources */,
				D93A94EC2C4A372700BCCD00 /* Assets.xcassets in Resources */,
				F64FBE342C566AE10024E920 /* Pretendard-Black.otf in Resources */,
			);
			runOnlyForDeploymentPostprocessing = 0;
		};
/* End PBXResourcesBuildPhase section */

/* Begin PBXSourcesBuildPhase section */
		D93A94E02C4A372600BCCD00 /* Sources */ = {
			isa = PBXSourcesBuildPhase;
			buildActionMask = 2147483647;
			files = (
				F69BFDA22C8967540073775C /* AchieveRecordAPI.swift in Sources */,
				F6133EA82C6C77B000F3ECE5 /* RunUsApp.swift in Sources */,
				F65ACDCF2CC8CF8300C67DD1 /* RUBadgeList.swift in Sources */,
				F65033D12C747DB000C81DA6 /* MyRecordStore.swift in Sources */,
				F65033C52C731EC500C81DA6 /* RecordMenus.swift in Sources */,
				F66C5C8A2C5B3CD500EE695A /* LoginStore.swift in Sources */,
				F65033CD2C74585500C81DA6 /* BadgesResponseModel.swift in Sources */,
				D9D4387E2C7F506B00F3E079 /* RUCalendar.swift in Sources */,
				F65033D72C747F1E00C81DA6 /* ProfileResponseModel.swift in Sources */,
				F63BAA4B2C84A9A700DCE9EC /* AchieveRecordView.swift in Sources */,
				D90CDD792C6A623F00197214 /* CountDownView.swift in Sources */,
				F611B2262C7E275C00797470 /* MonthlySummaryResponseModel.swift in Sources */,
				D9D0B71C2C4F566E00D13160 /* NetworkService.swift in Sources */,
				D9D0B71A2C4F555500D13160 /* NetworkError.swift in Sources */,
				F63BAA462C84399F00DCE9EC /* RUTabBar.swift in Sources */,
				F6CE8A2B2CCFA2CA0050A25A /* RouteSegment.swift in Sources */,
				D9F5B85C2C60EE1E009CEB19 /* RunAloneFeature.swift in Sources */,
				F6F41B782C69C85A002EA1F5 /* GoalTextField.swift in Sources */,
				D9D0B7182C4F553800D13160 /* RUError.swift in Sources */,
				F6B9A33E2C63287400743FBE /* LoginResponseModel.swift in Sources */,
				F69BFDAC2C8B64DF0073775C /* SystemManager.swift in Sources */,
				F63BAA4F2C8588F800DCE9EC /* WeatherParametersModel.swift in Sources */,
				F611B21C2C7E1A7300797470 /* HomeStore.swift in Sources */,
				F66467132CA40E9500508369 /* RunningRecordMonthlyResponseModel.swift in Sources */,
				F62A4A012C9807D700E1B011 /* RunningStartInfo.swift in Sources */,
				D9D0B7252C50BC5800D13160 /* ServerEndpoint.swift in Sources */,
				F65033DB2C75D51500C81DA6 /* LoginAPI.swift in Sources */,
				F65033D92C75D21800C81DA6 /* WithdrawRequestModel.swift in Sources */,
				D9D0B7202C4FE67D00D13160 /* ServerResponse.swift in Sources */,
				F674843A2CAE53DA00AA5256 /* MainAPI.swift in Sources */,
				F605C0D42CD6644200562EAF /* LoadingManager.swift in Sources */,
				D95F83132C6FAC76000DCAA3 /* Int+extension.swift in Sources */,
				D9D0B71E2C4F570000D13160 /* NetworkEndpoint.swift in Sources */,
				F664670B2CA3F01500508369 /* GoalResult.swift in Sources */,
				F611B21A2C7CB04100797470 /* AuthorizationManager.swift in Sources */,
				F63B816A2C71F50C002F45F4 /* MyRecordView.swift in Sources */,
				D9417AD92C8C2B6B008F8075 /* Date+extension.swift in Sources */,
				F6F085732C59FAF700994E34 /* Fonts.swift in Sources */,
				D9A65D102C7CCD9400FA33BF /* Emotions.swift in Sources */,
				F63BAA512C86C8E900DCE9EC /* ViewEnvironment.swift in Sources */,
				D9D0B7232C50BA7400D13160 /* ServerNetwork.swift in Sources */,
				F634D2C62CB781210014EDB6 /* RunningSummaryAPI.swift in Sources */,
				D9417AD02C8BFCC2008F8075 /* RunningResult.swift in Sources */,
				F63B81672C710573002F45F4 /* String+extension.swift in Sources */,
				D9A65D122C7CCED900FA33BF /* ChallengeResult.swift in Sources */,
				D9F5B85A2C60EDD0009CEB19 /* RunAloneView.swift in Sources */,
				F65033DF2C7856AA00C81DA6 /* SignUpRequestModel.swift in Sources */,
				F66467152CA411E200508369 /* RUChallengeList.swift in Sources */,
				D9F5B8572C60D151009CEB19 /* Bundle+extension.swift in Sources */,
				D95F830F2C6F5F64000DCAA3 /* RunningStateManager.swift in Sources */,
				F634D2D42CBF6A2C0014EDB6 /* Double+extension.swift in Sources */,
				F634D2CA2CB784EE0014EDB6 /* SummaryTypes.swift in Sources */,
				F69BFDA82C897DA90073775C /* AlertEnvironment.swift in Sources */,
				F65033E12C7856B300C81DA6 /* SignInRequestModel.swift in Sources */,
				D97950A62C62917400BDCD44 /* View+extension.swift in Sources */,
				F611B2202C7E1FBE00797470 /* WeatherResponseModel.swift in Sources */,
				F67484382CAE53D200AA5256 /* MainStore.swift in Sources */,
				F65033D52C747ECA00C81DA6 /* MyRecordAPI.swift in Sources */,
				F66467112CA408BA00508369 /* RunningRecordAPI.swift in Sources */,
				F6EF88762C4E802E008EF2FD /* MainView.swift in Sources */,
				D9842DE02C84AFE3002B145C /* DateFormatter+extension.swift in Sources */,
				D95F83172C6FB079000DCAA3 /* LocationManagerDelegate.swift in Sources */,
				F65ACDCD2CC8C76600C67DD1 /* MyBadgeView.swift in Sources */,
				D97950A42C62831B00BDCD44 /* RUNavigationBar.swift in Sources */,
				F6CE8A1C2CCF51EE0050A25A /* UINavigationController+extension.swift in Sources */,
				D93975912C78D33B00507BAF /* RunningResultView.swift in Sources */,
				F634D2C42CB780E80014EDB6 /* RunningSummaryStore.swift in Sources */,
				F69BFD9E2C8966C70073775C /* AchieveRecordStore.swift in Sources */,
				D9E704B02C649AFE00212FF0 /* TodayChallenge.swift in Sources */,
				F634D2C22CB778D20014EDB6 /* RunningSummaryView.swift in Sources */,
				D90BE6672C6B6F7100999858 /* RunningView.swift in Sources */,
				D9A65D142C7F3AF700FA33BF /* SelectRunningEmotionView.swift in Sources */,
				F6133EAE2C6DB29600F3ECE5 /* RUButton.swift in Sources */,
				F6DAD3C02CB38DB400B459E6 /* RUTitle.swift in Sources */,
				F65ACDCA2CC752E200C67DD1 /* RUProgress.swift in Sources */,
				F634D2C82CB7819F0014EDB6 /* WeeklySummaryResponseModel.swift in Sources */,
				D93AC4B12C8C53A900C1570F /* RunningMode.swift in Sources */,
				F6EF88782C4E839A008EF2FD /* LoginView.swift in Sources */,
				F6EF887D2C4F7E46008EF2FD /* HomeView.swift in Sources */,
				F66467172CA52E0600508369 /* RunningRecord.swift in Sources */,
				F680B9EA2C8DF51E00478E30 /* RunningRecordResponseModel.swift in Sources */,
				F605C0D62CD6683400562EAF /* LoadingView.swift in Sources */,
				D9D4387C2C7F488E00F3E079 /* RunningRecordView.swift in Sources */,
				F69BFDA42C8968030073775C /* CoursesResponseModel.swift in Sources */,
				F6AC52E02C662DEE00654820 /* UserDefaultManager.swift in Sources */,
				D9842DDA2C8465A1002B145C /* RunningRecordDailyResponseModel.swift in Sources */,
				D97D9FE42C6078BD00C663BD /* LocationManager.swift in Sources */,
				D9A65D0E2C7CCCE700FA33BF /* RunningResultFeature.swift in Sources */,
				F69BFDAA2C8B64070073775C /* VersionResponseModel.swift in Sources */,
				D95F830D2C6F5C9A000DCAA3 /* RunningFeature.swift in Sources */,
				F6EF88742C4E7FF5008EF2FD /* SplashView.swift in Sources */,
				F66467192CA7E4A900508369 /* RUTypeButtons.swift in Sources */,
				D9417AD72C8C000C008F8075 /* RunningResultAPI.swift in Sources */,
				D9417AD42C8BFDD7008F8075 /* RunningData.swift in Sources */,
				F6016DC52CC51F2600FB637F /* WithdrawResponseModel.swift in Sources */,
				F63B81622C6F1A7E002F45F4 /* SetGoalStore.swift in Sources */,
				D9842DD82C84646A002B145C /* RunningRecordStore.swift in Sources */,
				F6F41B6E2C6900B6002EA1F5 /* SetGoalView.swift in Sources */,
				F69D0F192C61E00500A598E1 /* Paddings.swift in Sources */,
				F69BFDA62C89703E0073775C /* RUAlert.swift in Sources */,
			);
			runOnlyForDeploymentPostprocessing = 0;
		};
/* End PBXSourcesBuildPhase section */

/* Begin XCBuildConfiguration section */
		D93A94F02C4A372700BCCD00 /* Debug */ = {
			isa = XCBuildConfiguration;
			buildSettings = {
				ALWAYS_SEARCH_USER_PATHS = NO;
				ASSETCATALOG_COMPILER_GENERATE_SWIFT_ASSET_SYMBOL_EXTENSIONS = YES;
				CLANG_ANALYZER_NONNULL = YES;
				CLANG_ANALYZER_NUMBER_OBJECT_CONVERSION = YES_AGGRESSIVE;
				CLANG_CXX_LANGUAGE_STANDARD = "gnu++20";
				CLANG_ENABLE_MODULES = YES;
				CLANG_ENABLE_OBJC_ARC = YES;
				CLANG_ENABLE_OBJC_WEAK = YES;
				CLANG_WARN_BLOCK_CAPTURE_AUTORELEASING = YES;
				CLANG_WARN_BOOL_CONVERSION = YES;
				CLANG_WARN_COMMA = YES;
				CLANG_WARN_CONSTANT_CONVERSION = YES;
				CLANG_WARN_DEPRECATED_OBJC_IMPLEMENTATIONS = YES;
				CLANG_WARN_DIRECT_OBJC_ISA_USAGE = YES_ERROR;
				CLANG_WARN_DOCUMENTATION_COMMENTS = YES;
				CLANG_WARN_EMPTY_BODY = YES;
				CLANG_WARN_ENUM_CONVERSION = YES;
				CLANG_WARN_INFINITE_RECURSION = YES;
				CLANG_WARN_INT_CONVERSION = YES;
				CLANG_WARN_NON_LITERAL_NULL_CONVERSION = YES;
				CLANG_WARN_OBJC_IMPLICIT_RETAIN_SELF = YES;
				CLANG_WARN_OBJC_LITERAL_CONVERSION = YES;
				CLANG_WARN_OBJC_ROOT_CLASS = YES_ERROR;
				CLANG_WARN_QUOTED_INCLUDE_IN_FRAMEWORK_HEADER = YES;
				CLANG_WARN_RANGE_LOOP_ANALYSIS = YES;
				CLANG_WARN_STRICT_PROTOTYPES = YES;
				CLANG_WARN_SUSPICIOUS_MOVE = YES;
				CLANG_WARN_UNGUARDED_AVAILABILITY = YES_AGGRESSIVE;
				CLANG_WARN_UNREACHABLE_CODE = YES;
				CLANG_WARN__DUPLICATE_METHOD_MATCH = YES;
				COPY_PHASE_STRIP = NO;
				DEBUG_INFORMATION_FORMAT = dwarf;
				ENABLE_STRICT_OBJC_MSGSEND = YES;
				ENABLE_TESTABILITY = YES;
				ENABLE_USER_SCRIPT_SANDBOXING = YES;
				GCC_C_LANGUAGE_STANDARD = gnu17;
				GCC_DYNAMIC_NO_PIC = NO;
				GCC_NO_COMMON_BLOCKS = YES;
				GCC_OPTIMIZATION_LEVEL = 0;
				GCC_PREPROCESSOR_DEFINITIONS = (
					"DEBUG=1",
					"$(inherited)",
				);
				GCC_WARN_64_TO_32_BIT_CONVERSION = YES;
				GCC_WARN_ABOUT_RETURN_TYPE = YES_ERROR;
				GCC_WARN_UNDECLARED_SELECTOR = YES;
				GCC_WARN_UNINITIALIZED_AUTOS = YES_AGGRESSIVE;
				GCC_WARN_UNUSED_FUNCTION = YES;
				GCC_WARN_UNUSED_VARIABLE = YES;
				IPHONEOS_DEPLOYMENT_TARGET = 17.0;
				LOCALIZATION_PREFERS_STRING_CATALOGS = YES;
				MTL_ENABLE_DEBUG_INFO = INCLUDE_SOURCE;
				MTL_FAST_MATH = YES;
				ONLY_ACTIVE_ARCH = YES;
				SDKROOT = iphoneos;
				SWIFT_ACTIVE_COMPILATION_CONDITIONS = "DEBUG $(inherited)";
				SWIFT_OPTIMIZATION_LEVEL = "-Onone";
			};
			name = Debug;
		};
		D93A94F12C4A372700BCCD00 /* Release */ = {
			isa = XCBuildConfiguration;
			buildSettings = {
				ALWAYS_SEARCH_USER_PATHS = NO;
				ASSETCATALOG_COMPILER_GENERATE_SWIFT_ASSET_SYMBOL_EXTENSIONS = YES;
				CLANG_ANALYZER_NONNULL = YES;
				CLANG_ANALYZER_NUMBER_OBJECT_CONVERSION = YES_AGGRESSIVE;
				CLANG_CXX_LANGUAGE_STANDARD = "gnu++20";
				CLANG_ENABLE_MODULES = YES;
				CLANG_ENABLE_OBJC_ARC = YES;
				CLANG_ENABLE_OBJC_WEAK = YES;
				CLANG_WARN_BLOCK_CAPTURE_AUTORELEASING = YES;
				CLANG_WARN_BOOL_CONVERSION = YES;
				CLANG_WARN_COMMA = YES;
				CLANG_WARN_CONSTANT_CONVERSION = YES;
				CLANG_WARN_DEPRECATED_OBJC_IMPLEMENTATIONS = YES;
				CLANG_WARN_DIRECT_OBJC_ISA_USAGE = YES_ERROR;
				CLANG_WARN_DOCUMENTATION_COMMENTS = YES;
				CLANG_WARN_EMPTY_BODY = YES;
				CLANG_WARN_ENUM_CONVERSION = YES;
				CLANG_WARN_INFINITE_RECURSION = YES;
				CLANG_WARN_INT_CONVERSION = YES;
				CLANG_WARN_NON_LITERAL_NULL_CONVERSION = YES;
				CLANG_WARN_OBJC_IMPLICIT_RETAIN_SELF = YES;
				CLANG_WARN_OBJC_LITERAL_CONVERSION = YES;
				CLANG_WARN_OBJC_ROOT_CLASS = YES_ERROR;
				CLANG_WARN_QUOTED_INCLUDE_IN_FRAMEWORK_HEADER = YES;
				CLANG_WARN_RANGE_LOOP_ANALYSIS = YES;
				CLANG_WARN_STRICT_PROTOTYPES = YES;
				CLANG_WARN_SUSPICIOUS_MOVE = YES;
				CLANG_WARN_UNGUARDED_AVAILABILITY = YES_AGGRESSIVE;
				CLANG_WARN_UNREACHABLE_CODE = YES;
				CLANG_WARN__DUPLICATE_METHOD_MATCH = YES;
				COPY_PHASE_STRIP = NO;
				DEBUG_INFORMATION_FORMAT = "dwarf-with-dsym";
				ENABLE_NS_ASSERTIONS = NO;
				ENABLE_STRICT_OBJC_MSGSEND = YES;
				ENABLE_USER_SCRIPT_SANDBOXING = YES;
				GCC_C_LANGUAGE_STANDARD = gnu17;
				GCC_NO_COMMON_BLOCKS = YES;
				GCC_WARN_64_TO_32_BIT_CONVERSION = YES;
				GCC_WARN_ABOUT_RETURN_TYPE = YES_ERROR;
				GCC_WARN_UNDECLARED_SELECTOR = YES;
				GCC_WARN_UNINITIALIZED_AUTOS = YES_AGGRESSIVE;
				GCC_WARN_UNUSED_FUNCTION = YES;
				GCC_WARN_UNUSED_VARIABLE = YES;
				IPHONEOS_DEPLOYMENT_TARGET = 17.0;
				LOCALIZATION_PREFERS_STRING_CATALOGS = YES;
				MTL_ENABLE_DEBUG_INFO = NO;
				MTL_FAST_MATH = YES;
				SDKROOT = iphoneos;
				SWIFT_COMPILATION_MODE = wholemodule;
				VALIDATE_PRODUCT = YES;
			};
			name = Release;
		};
		D93A94F32C4A372700BCCD00 /* Debug */ = {
			isa = XCBuildConfiguration;
			buildSettings = {
				ASSETCATALOG_COMPILER_APPICON_NAME = AppIcon;
				ASSETCATALOG_COMPILER_GLOBAL_ACCENT_COLOR_NAME = AccentColor;
				CODE_SIGN_ENTITLEMENTS = RunUs/RunUs.entitlements;
				CODE_SIGN_IDENTITY = "Apple Development";
				CODE_SIGN_STYLE = Automatic;
				CURRENT_PROJECT_VERSION = 1;
				DEVELOPMENT_ASSET_PATHS = "\"RunUs/Preview Content\"";
				DEVELOPMENT_TEAM = 3NLDZW4Z5J;
				ENABLE_PREVIEWS = YES;
				GENERATE_INFOPLIST_FILE = YES;
				INFOPLIST_FILE = RunUs/Info.plist;
				INFOPLIST_KEY_CFBundleDisplayName = RunUs;
				INFOPLIST_KEY_LSApplicationCategoryType = "public.app-category.healthcare-fitness";
				INFOPLIST_KEY_UIApplicationSceneManifest_Generation = YES;
				INFOPLIST_KEY_UIApplicationSupportsIndirectInputEvents = YES;
				INFOPLIST_KEY_UILaunchScreen_Generation = YES;
				INFOPLIST_KEY_UISupportedInterfaceOrientations_iPad = "UIInterfaceOrientationPortrait UIInterfaceOrientationPortraitUpsideDown UIInterfaceOrientationLandscapeLeft UIInterfaceOrientationLandscapeRight";
				INFOPLIST_KEY_UISupportedInterfaceOrientations_iPhone = UIInterfaceOrientationPortrait;
				LD_RUNPATH_SEARCH_PATHS = (
					"$(inherited)",
					"@executable_path/Frameworks",
				);
				MARKETING_VERSION = 1.0.3;
				PRODUCT_BUNDLE_IDENTIFIER = site.runus;
				PRODUCT_NAME = "$(TARGET_NAME)";
				PROVISIONING_PROFILE_SPECIFIER = "";
				SUPPORTED_PLATFORMS = "iphoneos iphonesimulator";
				SUPPORTS_MACCATALYST = NO;
				SUPPORTS_MAC_DESIGNED_FOR_IPHONE_IPAD = NO;
				SUPPORTS_XR_DESIGNED_FOR_IPHONE_IPAD = NO;
				SWIFT_EMIT_LOC_STRINGS = YES;
				SWIFT_VERSION = 5.0;
				TARGETED_DEVICE_FAMILY = 1;
			};
			name = Debug;
		};
		D93A94F42C4A372700BCCD00 /* Release */ = {
			isa = XCBuildConfiguration;
			buildSettings = {
				ASSETCATALOG_COMPILER_APPICON_NAME = AppIcon;
				ASSETCATALOG_COMPILER_GLOBAL_ACCENT_COLOR_NAME = AccentColor;
				CODE_SIGN_ENTITLEMENTS = RunUs/RunUs.entitlements;
				CODE_SIGN_IDENTITY = "Apple Development";
				CODE_SIGN_STYLE = Automatic;
				CURRENT_PROJECT_VERSION = 1;
				DEVELOPMENT_ASSET_PATHS = "\"RunUs/Preview Content\"";
				DEVELOPMENT_TEAM = 3NLDZW4Z5J;
				ENABLE_PREVIEWS = YES;
				GENERATE_INFOPLIST_FILE = YES;
				INFOPLIST_FILE = RunUs/Info.plist;
				INFOPLIST_KEY_CFBundleDisplayName = RunUs;
				INFOPLIST_KEY_LSApplicationCategoryType = "public.app-category.healthcare-fitness";
				INFOPLIST_KEY_UIApplicationSceneManifest_Generation = YES;
				INFOPLIST_KEY_UIApplicationSupportsIndirectInputEvents = YES;
				INFOPLIST_KEY_UILaunchScreen_Generation = YES;
				INFOPLIST_KEY_UISupportedInterfaceOrientations_iPad = "UIInterfaceOrientationPortrait UIInterfaceOrientationPortraitUpsideDown UIInterfaceOrientationLandscapeLeft UIInterfaceOrientationLandscapeRight";
				INFOPLIST_KEY_UISupportedInterfaceOrientations_iPhone = UIInterfaceOrientationPortrait;
				LD_RUNPATH_SEARCH_PATHS = (
					"$(inherited)",
					"@executable_path/Frameworks",
				);
				MARKETING_VERSION = 1.0.3;
				PRODUCT_BUNDLE_IDENTIFIER = site.runus;
				PRODUCT_NAME = "$(TARGET_NAME)";
				PROVISIONING_PROFILE_SPECIFIER = "";
				SUPPORTED_PLATFORMS = "iphoneos iphonesimulator";
				SUPPORTS_MACCATALYST = NO;
				SUPPORTS_MAC_DESIGNED_FOR_IPHONE_IPAD = NO;
				SUPPORTS_XR_DESIGNED_FOR_IPHONE_IPAD = NO;
				SWIFT_EMIT_LOC_STRINGS = YES;
				SWIFT_VERSION = 5.0;
				TARGETED_DEVICE_FAMILY = 1;
			};
			name = Release;
		};
/* End XCBuildConfiguration section */

/* Begin XCConfigurationList section */
		D93A94DF2C4A372600BCCD00 /* Build configuration list for PBXProject "RunUs" */ = {
			isa = XCConfigurationList;
			buildConfigurations = (
				D93A94F02C4A372700BCCD00 /* Debug */,
				D93A94F12C4A372700BCCD00 /* Release */,
			);
			defaultConfigurationIsVisible = 0;
			defaultConfigurationName = Release;
		};
		D93A94F22C4A372700BCCD00 /* Build configuration list for PBXNativeTarget "RunUs" */ = {
			isa = XCConfigurationList;
			buildConfigurations = (
				D93A94F32C4A372700BCCD00 /* Debug */,
				D93A94F42C4A372700BCCD00 /* Release */,
			);
			defaultConfigurationIsVisible = 0;
			defaultConfigurationName = Release;
		};
/* End XCConfigurationList section */

/* Begin XCRemoteSwiftPackageReference section */
		F66C5C852C5B3C0700EE695A /* XCRemoteSwiftPackageReference "swift-composable-architecture" */ = {
			isa = XCRemoteSwiftPackageReference;
			repositoryURL = "https://github.com/pointfreeco/swift-composable-architecture";
			requirement = {
				kind = exactVersion;
				version = 1.12.1;
			};
		};
/* End XCRemoteSwiftPackageReference section */

/* Begin XCSwiftPackageProductDependency section */
		F66C5C862C5B3C0700EE695A /* ComposableArchitecture */ = {
			isa = XCSwiftPackageProductDependency;
			package = F66C5C852C5B3C0700EE695A /* XCRemoteSwiftPackageReference "swift-composable-architecture" */;
			productName = ComposableArchitecture;
		};
/* End XCSwiftPackageProductDependency section */
	};
	rootObject = D93A94DC2C4A372600BCCD00 /* Project object */;
}
